// !$*UTF8*$!
{
	archiveVersion = 1;
	classes = {
	};
	objectVersion = 56;
	objects = {

/* Begin PBXBuildFile section */
		53ADC47F2AE8791500988275 /* PhotoSelectAndCrop in Frameworks */ = {isa = PBXBuildFile; productRef = 53ADC47E2AE8791500988275 /* PhotoSelectAndCrop */; };
		FB6A04742AD583F900380C0B /* ResetPassword.swift in Sources */ = {isa = PBXBuildFile; fileRef = FB6A04732AD583F900380C0B /* ResetPassword.swift */; };
		FB6E83582ADA1AFC004C5F5F /* ProfileView.swift in Sources */ = {isa = PBXBuildFile; fileRef = FB6E83572ADA1AFC004C5F5F /* ProfileView.swift */; };
		FBDE465A2ACD17BA00CAC59B /* GoogleService-Info.plist in Resources */ = {isa = PBXBuildFile; fileRef = FBDE46592ACD17BA00CAC59B /* GoogleService-Info.plist */; };
		FBDE46932ACD195800CAC59B /* FirebaseAnalytics in Frameworks */ = {isa = PBXBuildFile; productRef = FBDE46922ACD195800CAC59B /* FirebaseAnalytics */; };
		FBDE46952ACD195800CAC59B /* FirebaseAnalyticsOnDeviceConversion in Frameworks */ = {isa = PBXBuildFile; productRef = FBDE46942ACD195800CAC59B /* FirebaseAnalyticsOnDeviceConversion */; };
		FBDE46972ACD195800CAC59B /* FirebaseAnalyticsSwift in Frameworks */ = {isa = PBXBuildFile; productRef = FBDE46962ACD195800CAC59B /* FirebaseAnalyticsSwift */; };
		FBDE46992ACD195800CAC59B /* FirebaseAnalyticsWithoutAdIdSupport in Frameworks */ = {isa = PBXBuildFile; productRef = FBDE46982ACD195800CAC59B /* FirebaseAnalyticsWithoutAdIdSupport */; };
		FBDE469B2ACD195800CAC59B /* FirebaseAppCheck in Frameworks */ = {isa = PBXBuildFile; productRef = FBDE469A2ACD195800CAC59B /* FirebaseAppCheck */; };
		FBDE469D2ACD195800CAC59B /* FirebaseAppDistribution-Beta in Frameworks */ = {isa = PBXBuildFile; productRef = FBDE469C2ACD195800CAC59B /* FirebaseAppDistribution-Beta */; };
		FBDE469F2ACD195800CAC59B /* FirebaseAuth in Frameworks */ = {isa = PBXBuildFile; productRef = FBDE469E2ACD195800CAC59B /* FirebaseAuth */; };
		FBDE46A12ACD195800CAC59B /* FirebaseAuthCombine-Community in Frameworks */ = {isa = PBXBuildFile; productRef = FBDE46A02ACD195800CAC59B /* FirebaseAuthCombine-Community */; };
		FBDE46A32ACD195800CAC59B /* FirebaseCrashlytics in Frameworks */ = {isa = PBXBuildFile; productRef = FBDE46A22ACD195800CAC59B /* FirebaseCrashlytics */; };
		FBDE46A52ACD195800CAC59B /* FirebaseDatabase in Frameworks */ = {isa = PBXBuildFile; productRef = FBDE46A42ACD195800CAC59B /* FirebaseDatabase */; };
		FBDE46A72ACD195800CAC59B /* FirebaseDatabaseSwift in Frameworks */ = {isa = PBXBuildFile; productRef = FBDE46A62ACD195800CAC59B /* FirebaseDatabaseSwift */; };
		FBDE46A92ACD195800CAC59B /* FirebaseDynamicLinks in Frameworks */ = {isa = PBXBuildFile; productRef = FBDE46A82ACD195800CAC59B /* FirebaseDynamicLinks */; };
		FBDE46AB2ACD195800CAC59B /* FirebaseFirestore in Frameworks */ = {isa = PBXBuildFile; productRef = FBDE46AA2ACD195800CAC59B /* FirebaseFirestore */; };
		FBDE46AD2ACD195800CAC59B /* FirebaseFirestoreCombine-Community in Frameworks */ = {isa = PBXBuildFile; productRef = FBDE46AC2ACD195800CAC59B /* FirebaseFirestoreCombine-Community */; };
		FBDE46AF2ACD195800CAC59B /* FirebaseFirestoreSwift in Frameworks */ = {isa = PBXBuildFile; productRef = FBDE46AE2ACD195800CAC59B /* FirebaseFirestoreSwift */; };
		FBDE46B12ACD195800CAC59B /* FirebaseFunctions in Frameworks */ = {isa = PBXBuildFile; productRef = FBDE46B02ACD195800CAC59B /* FirebaseFunctions */; };
		FBDE46B32ACD195800CAC59B /* FirebaseFunctionsCombine-Community in Frameworks */ = {isa = PBXBuildFile; productRef = FBDE46B22ACD195800CAC59B /* FirebaseFunctionsCombine-Community */; };
		FBDE46B52ACD195800CAC59B /* FirebaseInAppMessaging-Beta in Frameworks */ = {isa = PBXBuildFile; productRef = FBDE46B42ACD195800CAC59B /* FirebaseInAppMessaging-Beta */; };
		FBDE46B72ACD195800CAC59B /* FirebaseInAppMessagingSwift-Beta in Frameworks */ = {isa = PBXBuildFile; productRef = FBDE46B62ACD195800CAC59B /* FirebaseInAppMessagingSwift-Beta */; };
		FBDE46B92ACD195800CAC59B /* FirebaseInstallations in Frameworks */ = {isa = PBXBuildFile; productRef = FBDE46B82ACD195800CAC59B /* FirebaseInstallations */; };
		FBDE46BB2ACD195800CAC59B /* FirebaseMLModelDownloader in Frameworks */ = {isa = PBXBuildFile; productRef = FBDE46BA2ACD195800CAC59B /* FirebaseMLModelDownloader */; };
		FBDE46BD2ACD195800CAC59B /* FirebaseMessaging in Frameworks */ = {isa = PBXBuildFile; productRef = FBDE46BC2ACD195800CAC59B /* FirebaseMessaging */; };
		FBDE46BF2ACD195800CAC59B /* FirebasePerformance in Frameworks */ = {isa = PBXBuildFile; productRef = FBDE46BE2ACD195800CAC59B /* FirebasePerformance */; };
		FBDE46C12ACD195800CAC59B /* FirebaseRemoteConfig in Frameworks */ = {isa = PBXBuildFile; productRef = FBDE46C02ACD195800CAC59B /* FirebaseRemoteConfig */; };
		FBDE46C32ACD195800CAC59B /* FirebaseRemoteConfigSwift in Frameworks */ = {isa = PBXBuildFile; productRef = FBDE46C22ACD195800CAC59B /* FirebaseRemoteConfigSwift */; };
		FBDE46C52ACD195800CAC59B /* FirebaseStorage in Frameworks */ = {isa = PBXBuildFile; productRef = FBDE46C42ACD195800CAC59B /* FirebaseStorage */; };
		FBDE46C72ACD195800CAC59B /* FirebaseStorageCombine-Community in Frameworks */ = {isa = PBXBuildFile; productRef = FBDE46C62ACD195800CAC59B /* FirebaseStorageCombine-Community */; };
		FBE880B02ACC9F8C00DD801E /* AuthView.swift in Sources */ = {isa = PBXBuildFile; fileRef = FBE880AF2ACC9F8C00DD801E /* AuthView.swift */; };
		FBFDFE272AC3913100CD57C4 /* MVP_TutorsApp.swift in Sources */ = {isa = PBXBuildFile; fileRef = FBFDFE262AC3913100CD57C4 /* MVP_TutorsApp.swift */; };
		FBFDFE292AC3913100CD57C4 /* ContentView.swift in Sources */ = {isa = PBXBuildFile; fileRef = FBFDFE282AC3913100CD57C4 /* ContentView.swift */; };
		FBFDFE2B2AC3913300CD57C4 /* Assets.xcassets in Resources */ = {isa = PBXBuildFile; fileRef = FBFDFE2A2AC3913300CD57C4 /* Assets.xcassets */; };
		FBFDFE2E2AC3913300CD57C4 /* Preview Assets.xcassets in Resources */ = {isa = PBXBuildFile; fileRef = FBFDFE2D2AC3913300CD57C4 /* Preview Assets.xcassets */; };
		FBFDFE352AC3926500CD57C4 /* TutorNowView.swift in Sources */ = {isa = PBXBuildFile; fileRef = FBFDFE342AC3926500CD57C4 /* TutorNowView.swift */; };
		FBFDFE372AC3927800CD57C4 /* ListingsView.swift in Sources */ = {isa = PBXBuildFile; fileRef = FBFDFE362AC3927800CD57C4 /* ListingsView.swift */; };
		FBFDFE392AC3928800CD57C4 /* ChatsView.swift in Sources */ = {isa = PBXBuildFile; fileRef = FBFDFE382AC3928800CD57C4 /* ChatsView.swift */; };
/* End PBXBuildFile section */

/* Begin PBXFileReference section */
		FB6A04732AD583F900380C0B /* ResetPassword.swift */ = {isa = PBXFileReference; lastKnownFileType = sourcecode.swift; path = ResetPassword.swift; sourceTree = "<group>"; };
		FB6E83572ADA1AFC004C5F5F /* ProfileView.swift */ = {isa = PBXFileReference; lastKnownFileType = sourcecode.swift; path = ProfileView.swift; sourceTree = "<group>"; };
		FBDE46592ACD17BA00CAC59B /* GoogleService-Info.plist */ = {isa = PBXFileReference; fileEncoding = 4; lastKnownFileType = text.plist.xml; path = "GoogleService-Info.plist"; sourceTree = "<group>"; };
		FBE880AF2ACC9F8C00DD801E /* AuthView.swift */ = {isa = PBXFileReference; lastKnownFileType = sourcecode.swift; path = AuthView.swift; sourceTree = "<group>"; };
		FBFDFE232AC3913100CD57C4 /* MVP_Tutors.app */ = {isa = PBXFileReference; explicitFileType = wrapper.application; includeInIndex = 0; path = MVP_Tutors.app; sourceTree = BUILT_PRODUCTS_DIR; };
		FBFDFE262AC3913100CD57C4 /* MVP_TutorsApp.swift */ = {isa = PBXFileReference; lastKnownFileType = sourcecode.swift; path = MVP_TutorsApp.swift; sourceTree = "<group>"; };
		FBFDFE282AC3913100CD57C4 /* ContentView.swift */ = {isa = PBXFileReference; lastKnownFileType = sourcecode.swift; path = ContentView.swift; sourceTree = "<group>"; };
		FBFDFE2A2AC3913300CD57C4 /* Assets.xcassets */ = {isa = PBXFileReference; lastKnownFileType = folder.assetcatalog; path = Assets.xcassets; sourceTree = "<group>"; };
		FBFDFE2D2AC3913300CD57C4 /* Preview Assets.xcassets */ = {isa = PBXFileReference; lastKnownFileType = folder.assetcatalog; path = "Preview Assets.xcassets"; sourceTree = "<group>"; };
		FBFDFE342AC3926500CD57C4 /* TutorNowView.swift */ = {isa = PBXFileReference; lastKnownFileType = sourcecode.swift; path = TutorNowView.swift; sourceTree = "<group>"; };
		FBFDFE362AC3927800CD57C4 /* ListingsView.swift */ = {isa = PBXFileReference; lastKnownFileType = sourcecode.swift; path = ListingsView.swift; sourceTree = "<group>"; };
		FBFDFE382AC3928800CD57C4 /* ChatsView.swift */ = {isa = PBXFileReference; lastKnownFileType = sourcecode.swift; path = ChatsView.swift; sourceTree = "<group>"; };
/* End PBXFileReference section */

/* Begin PBXFrameworksBuildPhase section */
		FBFDFE202AC3913100CD57C4 /* Frameworks */ = {
			isa = PBXFrameworksBuildPhase;
			buildActionMask = 2147483647;
			files = (
				FBDE46A52ACD195800CAC59B /* FirebaseDatabase in Frameworks */,
				FBDE46B32ACD195800CAC59B /* FirebaseFunctionsCombine-Community in Frameworks */,
				FBDE46AB2ACD195800CAC59B /* FirebaseFirestore in Frameworks */,
				FBDE46972ACD195800CAC59B /* FirebaseAnalyticsSwift in Frameworks */,
				FBDE46932ACD195800CAC59B /* FirebaseAnalytics in Frameworks */,
				FBDE46952ACD195800CAC59B /* FirebaseAnalyticsOnDeviceConversion in Frameworks */,
				FBDE46BB2ACD195800CAC59B /* FirebaseMLModelDownloader in Frameworks */,
				FBDE46AF2ACD195800CAC59B /* FirebaseFirestoreSwift in Frameworks */,
				FBDE469B2ACD195800CAC59B /* FirebaseAppCheck in Frameworks */,
				FBDE46992ACD195800CAC59B /* FirebaseAnalyticsWithoutAdIdSupport in Frameworks */,
				FBDE469F2ACD195800CAC59B /* FirebaseAuth in Frameworks */,
				FBDE46A32ACD195800CAC59B /* FirebaseCrashlytics in Frameworks */,
				FBDE46C32ACD195800CAC59B /* FirebaseRemoteConfigSwift in Frameworks */,
				FBDE46B52ACD195800CAC59B /* FirebaseInAppMessaging-Beta in Frameworks */,
				FBDE46A72ACD195800CAC59B /* FirebaseDatabaseSwift in Frameworks */,
				53ADC47F2AE8791500988275 /* PhotoSelectAndCrop in Frameworks */,
				FBDE46B12ACD195800CAC59B /* FirebaseFunctions in Frameworks */,
				FBDE46C72ACD195800CAC59B /* FirebaseStorageCombine-Community in Frameworks */,
				FBDE46C12ACD195800CAC59B /* FirebaseRemoteConfig in Frameworks */,
				FBDE469D2ACD195800CAC59B /* FirebaseAppDistribution-Beta in Frameworks */,
				FBDE46A12ACD195800CAC59B /* FirebaseAuthCombine-Community in Frameworks */,
				FBDE46BF2ACD195800CAC59B /* FirebasePerformance in Frameworks */,
				FBDE46B72ACD195800CAC59B /* FirebaseInAppMessagingSwift-Beta in Frameworks */,
				FBDE46C52ACD195800CAC59B /* FirebaseStorage in Frameworks */,
				FBDE46A92ACD195800CAC59B /* FirebaseDynamicLinks in Frameworks */,
				FBDE46AD2ACD195800CAC59B /* FirebaseFirestoreCombine-Community in Frameworks */,
				FBDE46BD2ACD195800CAC59B /* FirebaseMessaging in Frameworks */,
				FBDE46B92ACD195800CAC59B /* FirebaseInstallations in Frameworks */,
			);
			runOnlyForDeploymentPostprocessing = 0;
		};
/* End PBXFrameworksBuildPhase section */

/* Begin PBXGroup section */
		FBE880AE2ACC9F6000DD801E /* Pages */ = {
			isa = PBXGroup;
			children = (
				FBFDFE342AC3926500CD57C4 /* TutorNowView.swift */,
				FBFDFE362AC3927800CD57C4 /* ListingsView.swift */,
				FBFDFE382AC3928800CD57C4 /* ChatsView.swift */,
			);
			path = Pages;
			sourceTree = "<group>";
		};
		FBF97B162AE5D1AF00BCA3D2 /* LogIn */ = {
			isa = PBXGroup;
			children = (
				FBE880AF2ACC9F8C00DD801E /* AuthView.swift */,
				FB6A04732AD583F900380C0B /* ResetPassword.swift */,
			);
			path = LogIn;
			sourceTree = "<group>";
		};
		FBFDFE1A2AC3913100CD57C4 = {
			isa = PBXGroup;
			children = (
				FBFDFE252AC3913100CD57C4 /* MVP_Tutors */,
				FBFDFE242AC3913100CD57C4 /* Products */,
			);
			sourceTree = "<group>";
		};
		FBFDFE242AC3913100CD57C4 /* Products */ = {
			isa = PBXGroup;
			children = (
				FBFDFE232AC3913100CD57C4 /* MVP_Tutors.app */,
			);
			name = Products;
			sourceTree = "<group>";
		};
		FBFDFE252AC3913100CD57C4 /* MVP_Tutors */ = {
			isa = PBXGroup;
			children = (
				FB6E83572ADA1AFC004C5F5F /* ProfileView.swift */,
				FBF97B162AE5D1AF00BCA3D2 /* LogIn */,
				FBFDFE262AC3913100CD57C4 /* MVP_TutorsApp.swift */,
				FBFDFE282AC3913100CD57C4 /* ContentView.swift */,
				FBE880AE2ACC9F6000DD801E /* Pages */,
				FBFDFE2A2AC3913300CD57C4 /* Assets.xcassets */,
				FBDE46592ACD17BA00CAC59B /* GoogleService-Info.plist */,
				FBFDFE2C2AC3913300CD57C4 /* Preview Content */,
			);
			path = MVP_Tutors;
			sourceTree = "<group>";
		};
		FBFDFE2C2AC3913300CD57C4 /* Preview Content */ = {
			isa = PBXGroup;
			children = (
				FBFDFE2D2AC3913300CD57C4 /* Preview Assets.xcassets */,
			);
			path = "Preview Content";
			sourceTree = "<group>";
		};
/* End PBXGroup section */

/* Begin PBXNativeTarget section */
		FBFDFE222AC3913100CD57C4 /* MVP_Tutors */ = {
			isa = PBXNativeTarget;
			buildConfigurationList = FBFDFE312AC3913300CD57C4 /* Build configuration list for PBXNativeTarget "MVP_Tutors" */;
			buildPhases = (
				FBFDFE1F2AC3913100CD57C4 /* Sources */,
				FBFDFE202AC3913100CD57C4 /* Frameworks */,
				FBFDFE212AC3913100CD57C4 /* Resources */,
			);
			buildRules = (
			);
			dependencies = (
			);
			name = MVP_Tutors;
			packageProductDependencies = (
				FBDE46922ACD195800CAC59B /* FirebaseAnalytics */,
				FBDE46942ACD195800CAC59B /* FirebaseAnalyticsOnDeviceConversion */,
				FBDE46962ACD195800CAC59B /* FirebaseAnalyticsSwift */,
				FBDE46982ACD195800CAC59B /* FirebaseAnalyticsWithoutAdIdSupport */,
				FBDE469A2ACD195800CAC59B /* FirebaseAppCheck */,
				FBDE469C2ACD195800CAC59B /* FirebaseAppDistribution-Beta */,
				FBDE469E2ACD195800CAC59B /* FirebaseAuth */,
				FBDE46A02ACD195800CAC59B /* FirebaseAuthCombine-Community */,
				FBDE46A22ACD195800CAC59B /* FirebaseCrashlytics */,
				FBDE46A42ACD195800CAC59B /* FirebaseDatabase */,
				FBDE46A62ACD195800CAC59B /* FirebaseDatabaseSwift */,
				FBDE46A82ACD195800CAC59B /* FirebaseDynamicLinks */,
				FBDE46AA2ACD195800CAC59B /* FirebaseFirestore */,
				FBDE46AC2ACD195800CAC59B /* FirebaseFirestoreCombine-Community */,
				FBDE46AE2ACD195800CAC59B /* FirebaseFirestoreSwift */,
				FBDE46B02ACD195800CAC59B /* FirebaseFunctions */,
				FBDE46B22ACD195800CAC59B /* FirebaseFunctionsCombine-Community */,
				FBDE46B42ACD195800CAC59B /* FirebaseInAppMessaging-Beta */,
				FBDE46B62ACD195800CAC59B /* FirebaseInAppMessagingSwift-Beta */,
				FBDE46B82ACD195800CAC59B /* FirebaseInstallations */,
				FBDE46BA2ACD195800CAC59B /* FirebaseMLModelDownloader */,
				FBDE46BC2ACD195800CAC59B /* FirebaseMessaging */,
				FBDE46BE2ACD195800CAC59B /* FirebasePerformance */,
				FBDE46C02ACD195800CAC59B /* FirebaseRemoteConfig */,
				FBDE46C22ACD195800CAC59B /* FirebaseRemoteConfigSwift */,
				FBDE46C42ACD195800CAC59B /* FirebaseStorage */,
				FBDE46C62ACD195800CAC59B /* FirebaseStorageCombine-Community */,
				53ADC47E2AE8791500988275 /* PhotoSelectAndCrop */,
			);
			productName = MVP_Tutors;
			productReference = FBFDFE232AC3913100CD57C4 /* MVP_Tutors.app */;
			productType = "com.apple.product-type.application";
		};
/* End PBXNativeTarget section */

/* Begin PBXProject section */
		FBFDFE1B2AC3913100CD57C4 /* Project object */ = {
			isa = PBXProject;
			attributes = {
				BuildIndependentTargetsInParallel = 1;
				LastSwiftUpdateCheck = 1500;
				LastUpgradeCheck = 1500;
				TargetAttributes = {
					FBFDFE222AC3913100CD57C4 = {
						CreatedOnToolsVersion = 15.0;
					};
				};
			};
			buildConfigurationList = FBFDFE1E2AC3913100CD57C4 /* Build configuration list for PBXProject "MVP_Tutors" */;
			compatibilityVersion = "Xcode 14.0";
			developmentRegion = en;
			hasScannedForEncodings = 0;
			knownRegions = (
				en,
				Base,
			);
			mainGroup = FBFDFE1A2AC3913100CD57C4;
			packageReferences = (
				FBDE46912ACD195800CAC59B /* XCRemoteSwiftPackageReference "firebase-ios-sdk" */,
				53ADC47D2AE8791500988275 /* XCRemoteSwiftPackageReference "PhotoSelectAndCrop" */,
			);
			productRefGroup = FBFDFE242AC3913100CD57C4 /* Products */;
			projectDirPath = "";
			projectRoot = "";
			targets = (
				FBFDFE222AC3913100CD57C4 /* MVP_Tutors */,
			);
		};
/* End PBXProject section */

/* Begin PBXResourcesBuildPhase section */
		FBFDFE212AC3913100CD57C4 /* Resources */ = {
			isa = PBXResourcesBuildPhase;
			buildActionMask = 2147483647;
			files = (
				FBFDFE2E2AC3913300CD57C4 /* Preview Assets.xcassets in Resources */,
				FBFDFE2B2AC3913300CD57C4 /* Assets.xcassets in Resources */,
				FBDE465A2ACD17BA00CAC59B /* GoogleService-Info.plist in Resources */,
			);
			runOnlyForDeploymentPostprocessing = 0;
		};
/* End PBXResourcesBuildPhase section */

/* Begin PBXSourcesBuildPhase section */
		FBFDFE1F2AC3913100CD57C4 /* Sources */ = {
			isa = PBXSourcesBuildPhase;
			buildActionMask = 2147483647;
			files = (
				FB6E83582ADA1AFC004C5F5F /* ProfileView.swift in Sources */,
				FBFDFE352AC3926500CD57C4 /* TutorNowView.swift in Sources */,
				FBFDFE372AC3927800CD57C4 /* ListingsView.swift in Sources */,
				FB6A04742AD583F900380C0B /* ResetPassword.swift in Sources */,
				FBE880B02ACC9F8C00DD801E /* AuthView.swift in Sources */,
				FBFDFE392AC3928800CD57C4 /* ChatsView.swift in Sources */,
				FBFDFE292AC3913100CD57C4 /* ContentView.swift in Sources */,
				FBFDFE272AC3913100CD57C4 /* MVP_TutorsApp.swift in Sources */,
			);
			runOnlyForDeploymentPostprocessing = 0;
		};
/* End PBXSourcesBuildPhase section */

/* Begin XCBuildConfiguration section */
		FBFDFE2F2AC3913300CD57C4 /* Debug */ = {
			isa = XCBuildConfiguration;
			buildSettings = {
				ALWAYS_SEARCH_USER_PATHS = NO;
				ASSETCATALOG_COMPILER_GENERATE_SWIFT_ASSET_SYMBOL_EXTENSIONS = YES;
				CLANG_ANALYZER_NONNULL = YES;
				CLANG_ANALYZER_NUMBER_OBJECT_CONVERSION = YES_AGGRESSIVE;
				CLANG_CXX_LANGUAGE_STANDARD = "gnu++20";
				CLANG_ENABLE_MODULES = YES;
				CLANG_ENABLE_OBJC_ARC = YES;
				CLANG_ENABLE_OBJC_WEAK = YES;
				CLANG_WARN_BLOCK_CAPTURE_AUTORELEASING = YES;
				CLANG_WARN_BOOL_CONVERSION = YES;
				CLANG_WARN_COMMA = YES;
				CLANG_WARN_CONSTANT_CONVERSION = YES;
				CLANG_WARN_DEPRECATED_OBJC_IMPLEMENTATIONS = YES;
				CLANG_WARN_DIRECT_OBJC_ISA_USAGE = YES_ERROR;
				CLANG_WARN_DOCUMENTATION_COMMENTS = YES;
				CLANG_WARN_EMPTY_BODY = YES;
				CLANG_WARN_ENUM_CONVERSION = YES;
				CLANG_WARN_INFINITE_RECURSION = YES;
				CLANG_WARN_INT_CONVERSION = YES;
				CLANG_WARN_NON_LITERAL_NULL_CONVERSION = YES;
				CLANG_WARN_OBJC_IMPLICIT_RETAIN_SELF = YES;
				CLANG_WARN_OBJC_LITERAL_CONVERSION = YES;
				CLANG_WARN_OBJC_ROOT_CLASS = YES_ERROR;
				CLANG_WARN_QUOTED_INCLUDE_IN_FRAMEWORK_HEADER = YES;
				CLANG_WARN_RANGE_LOOP_ANALYSIS = YES;
				CLANG_WARN_STRICT_PROTOTYPES = YES;
				CLANG_WARN_SUSPICIOUS_MOVE = YES;
				CLANG_WARN_UNGUARDED_AVAILABILITY = YES_AGGRESSIVE;
				CLANG_WARN_UNREACHABLE_CODE = YES;
				CLANG_WARN__DUPLICATE_METHOD_MATCH = YES;
				COPY_PHASE_STRIP = NO;
				DEBUG_INFORMATION_FORMAT = dwarf;
				ENABLE_STRICT_OBJC_MSGSEND = YES;
				ENABLE_TESTABILITY = YES;
				ENABLE_USER_SCRIPT_SANDBOXING = YES;
				GCC_C_LANGUAGE_STANDARD = gnu17;
				GCC_DYNAMIC_NO_PIC = NO;
				GCC_NO_COMMON_BLOCKS = YES;
				GCC_OPTIMIZATION_LEVEL = 0;
				GCC_PREPROCESSOR_DEFINITIONS = (
					"DEBUG=1",
					"$(inherited)",
				);
				GCC_WARN_64_TO_32_BIT_CONVERSION = YES;
				GCC_WARN_ABOUT_RETURN_TYPE = YES_ERROR;
				GCC_WARN_UNDECLARED_SELECTOR = YES;
				GCC_WARN_UNINITIALIZED_AUTOS = YES_AGGRESSIVE;
				GCC_WARN_UNUSED_FUNCTION = YES;
				GCC_WARN_UNUSED_VARIABLE = YES;
				IPHONEOS_DEPLOYMENT_TARGET = 17.0;
				LOCALIZATION_PREFERS_STRING_CATALOGS = YES;
				MTL_ENABLE_DEBUG_INFO = INCLUDE_SOURCE;
				MTL_FAST_MATH = YES;
				ONLY_ACTIVE_ARCH = YES;
				OTHER_LDFLAGS = "";
				SDKROOT = iphoneos;
				SWIFT_ACTIVE_COMPILATION_CONDITIONS = "DEBUG $(inherited)";
				SWIFT_OPTIMIZATION_LEVEL = "-Onone";
			};
			name = Debug;
		};
		FBFDFE302AC3913300CD57C4 /* Release */ = {
			isa = XCBuildConfiguration;
			buildSettings = {
				ALWAYS_SEARCH_USER_PATHS = NO;
				ASSETCATALOG_COMPILER_GENERATE_SWIFT_ASSET_SYMBOL_EXTENSIONS = YES;
				CLANG_ANALYZER_NONNULL = YES;
				CLANG_ANALYZER_NUMBER_OBJECT_CONVERSION = YES_AGGRESSIVE;
				CLANG_CXX_LANGUAGE_STANDARD = "gnu++20";
				CLANG_ENABLE_MODULES = YES;
				CLANG_ENABLE_OBJC_ARC = YES;
				CLANG_ENABLE_OBJC_WEAK = YES;
				CLANG_WARN_BLOCK_CAPTURE_AUTORELEASING = YES;
				CLANG_WARN_BOOL_CONVERSION = YES;
				CLANG_WARN_COMMA = YES;
				CLANG_WARN_CONSTANT_CONVERSION = YES;
				CLANG_WARN_DEPRECATED_OBJC_IMPLEMENTATIONS = YES;
				CLANG_WARN_DIRECT_OBJC_ISA_USAGE = YES_ERROR;
				CLANG_WARN_DOCUMENTATION_COMMENTS = YES;
				CLANG_WARN_EMPTY_BODY = YES;
				CLANG_WARN_ENUM_CONVERSION = YES;
				CLANG_WARN_INFINITE_RECURSION = YES;
				CLANG_WARN_INT_CONVERSION = YES;
				CLANG_WARN_NON_LITERAL_NULL_CONVERSION = YES;
				CLANG_WARN_OBJC_IMPLICIT_RETAIN_SELF = YES;
				CLANG_WARN_OBJC_LITERAL_CONVERSION = YES;
				CLANG_WARN_OBJC_ROOT_CLASS = YES_ERROR;
				CLANG_WARN_QUOTED_INCLUDE_IN_FRAMEWORK_HEADER = YES;
				CLANG_WARN_RANGE_LOOP_ANALYSIS = YES;
				CLANG_WARN_STRICT_PROTOTYPES = YES;
				CLANG_WARN_SUSPICIOUS_MOVE = YES;
				CLANG_WARN_UNGUARDED_AVAILABILITY = YES_AGGRESSIVE;
				CLANG_WARN_UNREACHABLE_CODE = YES;
				CLANG_WARN__DUPLICATE_METHOD_MATCH = YES;
				COPY_PHASE_STRIP = NO;
				DEBUG_INFORMATION_FORMAT = "dwarf-with-dsym";
				ENABLE_NS_ASSERTIONS = NO;
				ENABLE_STRICT_OBJC_MSGSEND = YES;
				ENABLE_USER_SCRIPT_SANDBOXING = YES;
				GCC_C_LANGUAGE_STANDARD = gnu17;
				GCC_NO_COMMON_BLOCKS = YES;
				GCC_WARN_64_TO_32_BIT_CONVERSION = YES;
				GCC_WARN_ABOUT_RETURN_TYPE = YES_ERROR;
				GCC_WARN_UNDECLARED_SELECTOR = YES;
				GCC_WARN_UNINITIALIZED_AUTOS = YES_AGGRESSIVE;
				GCC_WARN_UNUSED_FUNCTION = YES;
				GCC_WARN_UNUSED_VARIABLE = YES;
				IPHONEOS_DEPLOYMENT_TARGET = 17.0;
				LOCALIZATION_PREFERS_STRING_CATALOGS = YES;
				MTL_ENABLE_DEBUG_INFO = NO;
				MTL_FAST_MATH = YES;
				SDKROOT = iphoneos;
				SWIFT_COMPILATION_MODE = wholemodule;
				VALIDATE_PRODUCT = YES;
			};
			name = Release;
		};
		FBFDFE322AC3913300CD57C4 /* Debug */ = {
			isa = XCBuildConfiguration;
			buildSettings = {
				ASSETCATALOG_COMPILER_APPICON_NAME = AppIcon;
				ASSETCATALOG_COMPILER_GLOBAL_ACCENT_COLOR_NAME = AccentColor;
				CODE_SIGN_STYLE = Automatic;
				CURRENT_PROJECT_VERSION = 1;
				DEVELOPMENT_ASSET_PATHS = "\"MVP_Tutors/Preview Content\"";
				DEVELOPMENT_TEAM = 5M43Q3TUJ5;
				ENABLE_PREVIEWS = YES;
				ENABLE_TESTABILITY = YES;
				GENERATE_INFOPLIST_FILE = YES;
				INFOPLIST_KEY_UIApplicationSceneManifest_Generation = YES;
				INFOPLIST_KEY_UIApplicationSupportsIndirectInputEvents = YES;
				INFOPLIST_KEY_UILaunchScreen_Generation = YES;
				INFOPLIST_KEY_UISupportedInterfaceOrientations_iPad = "UIInterfaceOrientationPortrait UIInterfaceOrientationPortraitUpsideDown UIInterfaceOrientationLandscapeLeft UIInterfaceOrientationLandscapeRight";
				INFOPLIST_KEY_UISupportedInterfaceOrientations_iPhone = "UIInterfaceOrientationPortrait UIInterfaceOrientationLandscapeLeft UIInterfaceOrientationLandscapeRight";
				LD_RUNPATH_SEARCH_PATHS = (
					"$(inherited)",
					"@executable_path/Frameworks",
				);
				MARKETING_VERSION = 1.0;
				OTHER_LDFLAGS = "";
				PRODUCT_BUNDLE_IDENTIFIER = "com.n3Productions.MVP-Tutors";
				PRODUCT_NAME = "$(TARGET_NAME)";
				SWIFT_EMIT_LOC_STRINGS = YES;
				SWIFT_VERSION = 5.0;
				TARGETED_DEVICE_FAMILY = "1,2";
			};
			name = Debug;
		};
		FBFDFE332AC3913300CD57C4 /* Release */ = {
			isa = XCBuildConfiguration;
			buildSettings = {
				ASSETCATALOG_COMPILER_APPICON_NAME = AppIcon;
				ASSETCATALOG_COMPILER_GLOBAL_ACCENT_COLOR_NAME = AccentColor;
				CODE_SIGN_STYLE = Automatic;
				CURRENT_PROJECT_VERSION = 1;
				DEVELOPMENT_ASSET_PATHS = "\"MVP_Tutors/Preview Content\"";
				DEVELOPMENT_TEAM = 5M43Q3TUJ5;
				ENABLE_PREVIEWS = YES;
				ENABLE_TESTABILITY = YES;
				GENERATE_INFOPLIST_FILE = YES;
				INFOPLIST_KEY_UIApplicationSceneManifest_Generation = YES;
				INFOPLIST_KEY_UIApplicationSupportsIndirectInputEvents = YES;
				INFOPLIST_KEY_UILaunchScreen_Generation = YES;
				INFOPLIST_KEY_UISupportedInterfaceOrientations_iPad = "UIInterfaceOrientationPortrait UIInterfaceOrientationPortraitUpsideDown UIInterfaceOrientationLandscapeLeft UIInterfaceOrientationLandscapeRight";
				INFOPLIST_KEY_UISupportedInterfaceOrientations_iPhone = "UIInterfaceOrientationPortrait UIInterfaceOrientationLandscapeLeft UIInterfaceOrientationLandscapeRight";
				LD_RUNPATH_SEARCH_PATHS = (
					"$(inherited)",
					"@executable_path/Frameworks",
				);
				MARKETING_VERSION = 1.0;
				OTHER_LDFLAGS = "";
				"OTHER_LDFLAGS[arch=*]" = "";
				PRODUCT_BUNDLE_IDENTIFIER = "com.n3Productions.MVP-Tutors";
				PRODUCT_NAME = "$(TARGET_NAME)";
				SWIFT_EMIT_LOC_STRINGS = YES;
				SWIFT_VERSION = 5.0;
				TARGETED_DEVICE_FAMILY = "1,2";
			};
			name = Release;
		};
/* End XCBuildConfiguration section */

/* Begin XCConfigurationList section */
		FBFDFE1E2AC3913100CD57C4 /* Build configuration list for PBXProject "MVP_Tutors" */ = {
			isa = XCConfigurationList;
			buildConfigurations = (
				FBFDFE2F2AC3913300CD57C4 /* Debug */,
				FBFDFE302AC3913300CD57C4 /* Release */,
			);
			defaultConfigurationIsVisible = 0;
			defaultConfigurationName = Release;
		};
		FBFDFE312AC3913300CD57C4 /* Build configuration list for PBXNativeTarget "MVP_Tutors" */ = {
			isa = XCConfigurationList;
			buildConfigurations = (
				FBFDFE322AC3913300CD57C4 /* Debug */,
				FBFDFE332AC3913300CD57C4 /* Release */,
			);
			defaultConfigurationIsVisible = 0;
			defaultConfigurationName = Release;
		};
/* End XCConfigurationList section */

/* Begin XCRemoteSwiftPackageReference section */
		53ADC47D2AE8791500988275 /* XCRemoteSwiftPackageReference "PhotoSelectAndCrop" */ = {
			isa = XCRemoteSwiftPackageReference;
			repositoryURL = "https://github.com/Rillieux/PhotoSelectAndCrop.git";
			requirement = {
				kind = upToNextMajorVersion;
				minimumVersion = 2.0.4;
			};
		};
		FBDE46912ACD195800CAC59B /* XCRemoteSwiftPackageReference "firebase-ios-sdk" */ = {
			isa = XCRemoteSwiftPackageReference;
			repositoryURL = "https://github.com/firebase/firebase-ios-sdk";
			requirement = {
				kind = upToNextMajorVersion;
				minimumVersion = 10.16.0;
			};
		};
/* End XCRemoteSwiftPackageReference section */

/* Begin XCSwiftPackageProductDependency section */
		53ADC47E2AE8791500988275 /* PhotoSelectAndCrop */ = {
			isa = XCSwiftPackageProductDependency;
			package = 53ADC47D2AE8791500988275 /* XCRemoteSwiftPackageReference "PhotoSelectAndCrop" */;
			productName = PhotoSelectAndCrop;
		};
		FBDE46922ACD195800CAC59B /* FirebaseAnalytics */ = {
			isa = XCSwiftPackageProductDependency;
			package = FBDE46912ACD195800CAC59B /* XCRemoteSwiftPackageReference "firebase-ios-sdk" */;
			productName = FirebaseAnalytics;
		};
		FBDE46942ACD195800CAC59B /* FirebaseAnalyticsOnDeviceConversion */ = {
			isa = XCSwiftPackageProductDependency;
			package = FBDE46912ACD195800CAC59B /* XCRemoteSwiftPackageReference "firebase-ios-sdk" */;
			productName = FirebaseAnalyticsOnDeviceConversion;
		};
		FBDE46962ACD195800CAC59B /* FirebaseAnalyticsSwift */ = {
			isa = XCSwiftPackageProductDependency;
			package = FBDE46912ACD195800CAC59B /* XCRemoteSwiftPackageReference "firebase-ios-sdk" */;
			productName = FirebaseAnalyticsSwift;
		};
		FBDE46982ACD195800CAC59B /* FirebaseAnalyticsWithoutAdIdSupport */ = {
			isa = XCSwiftPackageProductDependency;
			package = FBDE46912ACD195800CAC59B /* XCRemoteSwiftPackageReference "firebase-ios-sdk" */;
			productName = FirebaseAnalyticsWithoutAdIdSupport;
		};
		FBDE469A2ACD195800CAC59B /* FirebaseAppCheck */ = {
			isa = XCSwiftPackageProductDependency;
			package = FBDE46912ACD195800CAC59B /* XCRemoteSwiftPackageReference "firebase-ios-sdk" */;
			productName = FirebaseAppCheck;
		};
		FBDE469C2ACD195800CAC59B /* FirebaseAppDistribution-Beta */ = {
			isa = XCSwiftPackageProductDependency;
			package = FBDE46912ACD195800CAC59B /* XCRemoteSwiftPackageReference "firebase-ios-sdk" */;
			productName = "FirebaseAppDistribution-Beta";
		};
		FBDE469E2ACD195800CAC59B /* FirebaseAuth */ = {
			isa = XCSwiftPackageProductDependency;
			package = FBDE46912ACD195800CAC59B /* XCRemoteSwiftPackageReference "firebase-ios-sdk" */;
			productName = FirebaseAuth;
		};
		FBDE46A02ACD195800CAC59B /* FirebaseAuthCombine-Community */ = {
			isa = XCSwiftPackageProductDependency;
			package = FBDE46912ACD195800CAC59B /* XCRemoteSwiftPackageReference "firebase-ios-sdk" */;
			productName = "FirebaseAuthCombine-Community";
		};
		FBDE46A22ACD195800CAC59B /* FirebaseCrashlytics */ = {
			isa = XCSwiftPackageProductDependency;
			package = FBDE46912ACD195800CAC59B /* XCRemoteSwiftPackageReference "firebase-ios-sdk" */;
			productName = FirebaseCrashlytics;
		};
		FBDE46A42ACD195800CAC59B /* FirebaseDatabase */ = {
			isa = XCSwiftPackageProductDependency;
			package = FBDE46912ACD195800CAC59B /* XCRemoteSwiftPackageReference "firebase-ios-sdk" */;
			productName = FirebaseDatabase;
		};
		FBDE46A62ACD195800CAC59B /* FirebaseDatabaseSwift */ = {
			isa = XCSwiftPackageProductDependency;
			package = FBDE46912ACD195800CAC59B /* XCRemoteSwiftPackageReference "firebase-ios-sdk" */;
			productName = FirebaseDatabaseSwift;
		};
		FBDE46A82ACD195800CAC59B /* FirebaseDynamicLinks */ = {
			isa = XCSwiftPackageProductDependency;
			package = FBDE46912ACD195800CAC59B /* XCRemoteSwiftPackageReference "firebase-ios-sdk" */;
			productName = FirebaseDynamicLinks;
		};
		FBDE46AA2ACD195800CAC59B /* FirebaseFirestore */ = {
			isa = XCSwiftPackageProductDependency;
			package = FBDE46912ACD195800CAC59B /* XCRemoteSwiftPackageReference "firebase-ios-sdk" */;
			productName = FirebaseFirestore;
		};
		FBDE46AC2ACD195800CAC59B /* FirebaseFirestoreCombine-Community */ = {
			isa = XCSwiftPackageProductDependency;
			package = FBDE46912ACD195800CAC59B /* XCRemoteSwiftPackageReference "firebase-ios-sdk" */;
			productName = "FirebaseFirestoreCombine-Community";
		};
		FBDE46AE2ACD195800CAC59B /* FirebaseFirestoreSwift */ = {
			isa = XCSwiftPackageProductDependency;
			package = FBDE46912ACD195800CAC59B /* XCRemoteSwiftPackageReference "firebase-ios-sdk" */;
			productName = FirebaseFirestoreSwift;
		};
		FBDE46B02ACD195800CAC59B /* FirebaseFunctions */ = {
			isa = XCSwiftPackageProductDependency;
			package = FBDE46912ACD195800CAC59B /* XCRemoteSwiftPackageReference "firebase-ios-sdk" */;
			productName = FirebaseFunctions;
		};
		FBDE46B22ACD195800CAC59B /* FirebaseFunctionsCombine-Community */ = {
			isa = XCSwiftPackageProductDependency;
			package = FBDE46912ACD195800CAC59B /* XCRemoteSwiftPackageReference "firebase-ios-sdk" */;
			productName = "FirebaseFunctionsCombine-Community";
		};
		FBDE46B42ACD195800CAC59B /* FirebaseInAppMessaging-Beta */ = {
			isa = XCSwiftPackageProductDependency;
			package = FBDE46912ACD195800CAC59B /* XCRemoteSwiftPackageReference "firebase-ios-sdk" */;
			productName = "FirebaseInAppMessaging-Beta";
		};
		FBDE46B62ACD195800CAC59B /* FirebaseInAppMessagingSwift-Beta */ = {
			isa = XCSwiftPackageProductDependency;
			package = FBDE46912ACD195800CAC59B /* XCRemoteSwiftPackageReference "firebase-ios-sdk" */;
			productName = "FirebaseInAppMessagingSwift-Beta";
		};
		FBDE46B82ACD195800CAC59B /* FirebaseInstallations */ = {
			isa = XCSwiftPackageProductDependency;
			package = FBDE46912ACD195800CAC59B /* XCRemoteSwiftPackageReference "firebase-ios-sdk" */;
			productName = FirebaseInstallations;
		};
		FBDE46BA2ACD195800CAC59B /* FirebaseMLModelDownloader */ = {
			isa = XCSwiftPackageProductDependency;
			package = FBDE46912ACD195800CAC59B /* XCRemoteSwiftPackageReference "firebase-ios-sdk" */;
			productName = FirebaseMLModelDownloader;
		};
		FBDE46BC2ACD195800CAC59B /* FirebaseMessaging */ = {
			isa = XCSwiftPackageProductDependency;
			package = FBDE46912ACD195800CAC59B /* XCRemoteSwiftPackageReference "firebase-ios-sdk" */;
			productName = FirebaseMessaging;
		};
		FBDE46BE2ACD195800CAC59B /* FirebasePerformance */ = {
			isa = XCSwiftPackageProductDependency;
			package = FBDE46912ACD195800CAC59B /* XCRemoteSwiftPackageReference "firebase-ios-sdk" */;
			productName = FirebasePerformance;
		};
		FBDE46C02ACD195800CAC59B /* FirebaseRemoteConfig */ = {
			isa = XCSwiftPackageProductDependency;
			package = FBDE46912ACD195800CAC59B /* XCRemoteSwiftPackageReference "firebase-ios-sdk" */;
			productName = FirebaseRemoteConfig;
		};
		FBDE46C22ACD195800CAC59B /* FirebaseRemoteConfigSwift */ = {
			isa = XCSwiftPackageProductDependency;
			package = FBDE46912ACD195800CAC59B /* XCRemoteSwiftPackageReference "firebase-ios-sdk" */;
			productName = FirebaseRemoteConfigSwift;
		};
		FBDE46C42ACD195800CAC59B /* FirebaseStorage */ = {
			isa = XCSwiftPackageProductDependency;
			package = FBDE46912ACD195800CAC59B /* XCRemoteSwiftPackageReference "firebase-ios-sdk" */;
			productName = FirebaseStorage;
		};
		FBDE46C62ACD195800CAC59B /* FirebaseStorageCombine-Community */ = {
			isa = XCSwiftPackageProductDependency;
			package = FBDE46912ACD195800CAC59B /* XCRemoteSwiftPackageReference "firebase-ios-sdk" */;
			productName = "FirebaseStorageCombine-Community";
		};
/* End XCSwiftPackageProductDependency section */
	};
	rootObject = FBFDFE1B2AC3913100CD57C4 /* Project object */;
}
