// !$*UTF8*$!
{
	archiveVersion = 1;
	classes = {
	};
	objectVersion = 56;
	objects = {

/* Begin PBXBuildFile section */
		FBE880752ACC876100DD801E /* GoogleService-Info.plist in Resources */ = {isa = PBXBuildFile; fileRef = FBE880742ACC876100DD801E /* GoogleService-Info.plist */; };
		FBE880782ACC87FF00DD801E /* FirebaseAnalytics in Frameworks */ = {isa = PBXBuildFile; productRef = FBE880772ACC87FF00DD801E /* FirebaseAnalytics */; };
		FBE8807A2ACC87FF00DD801E /* FirebaseAnalyticsOnDeviceConversion in Frameworks */ = {isa = PBXBuildFile; productRef = FBE880792ACC87FF00DD801E /* FirebaseAnalyticsOnDeviceConversion */; };
		FBE8807C2ACC87FF00DD801E /* FirebaseAnalyticsSwift in Frameworks */ = {isa = PBXBuildFile; productRef = FBE8807B2ACC87FF00DD801E /* FirebaseAnalyticsSwift */; };
		FBE8807E2ACC87FF00DD801E /* FirebaseAnalyticsWithoutAdIdSupport in Frameworks */ = {isa = PBXBuildFile; productRef = FBE8807D2ACC87FF00DD801E /* FirebaseAnalyticsWithoutAdIdSupport */; };
		FBE880802ACC87FF00DD801E /* FirebaseAppCheck in Frameworks */ = {isa = PBXBuildFile; productRef = FBE8807F2ACC87FF00DD801E /* FirebaseAppCheck */; };
		FBE880822ACC87FF00DD801E /* FirebaseAppDistribution-Beta in Frameworks */ = {isa = PBXBuildFile; productRef = FBE880812ACC87FF00DD801E /* FirebaseAppDistribution-Beta */; };
		FBE880842ACC87FF00DD801E /* FirebaseAuth in Frameworks */ = {isa = PBXBuildFile; productRef = FBE880832ACC87FF00DD801E /* FirebaseAuth */; };
		FBE880862ACC87FF00DD801E /* FirebaseAuthCombine-Community in Frameworks */ = {isa = PBXBuildFile; productRef = FBE880852ACC87FF00DD801E /* FirebaseAuthCombine-Community */; };
		FBE880882ACC87FF00DD801E /* FirebaseCrashlytics in Frameworks */ = {isa = PBXBuildFile; productRef = FBE880872ACC87FF00DD801E /* FirebaseCrashlytics */; };
		FBE8808A2ACC87FF00DD801E /* FirebaseDatabase in Frameworks */ = {isa = PBXBuildFile; productRef = FBE880892ACC87FF00DD801E /* FirebaseDatabase */; };
		FBE8808C2ACC87FF00DD801E /* FirebaseDatabaseSwift in Frameworks */ = {isa = PBXBuildFile; productRef = FBE8808B2ACC87FF00DD801E /* FirebaseDatabaseSwift */; };
		FBE8808E2ACC87FF00DD801E /* FirebaseDynamicLinks in Frameworks */ = {isa = PBXBuildFile; productRef = FBE8808D2ACC87FF00DD801E /* FirebaseDynamicLinks */; };
		FBE880902ACC87FF00DD801E /* FirebaseFirestore in Frameworks */ = {isa = PBXBuildFile; productRef = FBE8808F2ACC87FF00DD801E /* FirebaseFirestore */; };
		FBE880922ACC87FF00DD801E /* FirebaseFirestoreCombine-Community in Frameworks */ = {isa = PBXBuildFile; productRef = FBE880912ACC87FF00DD801E /* FirebaseFirestoreCombine-Community */; };
		FBE880942ACC87FF00DD801E /* FirebaseFirestoreSwift in Frameworks */ = {isa = PBXBuildFile; productRef = FBE880932ACC87FF00DD801E /* FirebaseFirestoreSwift */; };
		FBE880962ACC87FF00DD801E /* FirebaseFunctions in Frameworks */ = {isa = PBXBuildFile; productRef = FBE880952ACC87FF00DD801E /* FirebaseFunctions */; };
		FBE880982ACC87FF00DD801E /* FirebaseFunctionsCombine-Community in Frameworks */ = {isa = PBXBuildFile; productRef = FBE880972ACC87FF00DD801E /* FirebaseFunctionsCombine-Community */; };
		FBE8809A2ACC87FF00DD801E /* FirebaseInAppMessaging-Beta in Frameworks */ = {isa = PBXBuildFile; productRef = FBE880992ACC87FF00DD801E /* FirebaseInAppMessaging-Beta */; };
		FBE8809C2ACC87FF00DD801E /* FirebaseInAppMessagingSwift-Beta in Frameworks */ = {isa = PBXBuildFile; productRef = FBE8809B2ACC87FF00DD801E /* FirebaseInAppMessagingSwift-Beta */; };
		FBE8809E2ACC87FF00DD801E /* FirebaseInstallations in Frameworks */ = {isa = PBXBuildFile; productRef = FBE8809D2ACC87FF00DD801E /* FirebaseInstallations */; };
		FBE880A02ACC87FF00DD801E /* FirebaseMLModelDownloader in Frameworks */ = {isa = PBXBuildFile; productRef = FBE8809F2ACC87FF00DD801E /* FirebaseMLModelDownloader */; };
		FBE880A22ACC87FF00DD801E /* FirebaseMessaging in Frameworks */ = {isa = PBXBuildFile; productRef = FBE880A12ACC87FF00DD801E /* FirebaseMessaging */; };
		FBE880A42ACC87FF00DD801E /* FirebasePerformance in Frameworks */ = {isa = PBXBuildFile; productRef = FBE880A32ACC87FF00DD801E /* FirebasePerformance */; };
		FBE880A62ACC87FF00DD801E /* FirebaseRemoteConfig in Frameworks */ = {isa = PBXBuildFile; productRef = FBE880A52ACC87FF00DD801E /* FirebaseRemoteConfig */; };
		FBE880A82ACC87FF00DD801E /* FirebaseRemoteConfigSwift in Frameworks */ = {isa = PBXBuildFile; productRef = FBE880A72ACC87FF00DD801E /* FirebaseRemoteConfigSwift */; };
		FBE880AA2ACC87FF00DD801E /* FirebaseStorage in Frameworks */ = {isa = PBXBuildFile; productRef = FBE880A92ACC87FF00DD801E /* FirebaseStorage */; };
		FBE880AC2ACC87FF00DD801E /* FirebaseStorageCombine-Community in Frameworks */ = {isa = PBXBuildFile; productRef = FBE880AB2ACC87FF00DD801E /* FirebaseStorageCombine-Community */; };
		FBFDFE272AC3913100CD57C4 /* MVP_TutorsApp.swift in Sources */ = {isa = PBXBuildFile; fileRef = FBFDFE262AC3913100CD57C4 /* MVP_TutorsApp.swift */; };
		FBFDFE292AC3913100CD57C4 /* ContentView.swift in Sources */ = {isa = PBXBuildFile; fileRef = FBFDFE282AC3913100CD57C4 /* ContentView.swift */; };
		FBFDFE2B2AC3913300CD57C4 /* Assets.xcassets in Resources */ = {isa = PBXBuildFile; fileRef = FBFDFE2A2AC3913300CD57C4 /* Assets.xcassets */; };
		FBFDFE2E2AC3913300CD57C4 /* Preview Assets.xcassets in Resources */ = {isa = PBXBuildFile; fileRef = FBFDFE2D2AC3913300CD57C4 /* Preview Assets.xcassets */; };
		FBFDFE352AC3926500CD57C4 /* TutorNowView.swift in Sources */ = {isa = PBXBuildFile; fileRef = FBFDFE342AC3926500CD57C4 /* TutorNowView.swift */; };
		FBFDFE372AC3927800CD57C4 /* ListingsView.swift in Sources */ = {isa = PBXBuildFile; fileRef = FBFDFE362AC3927800CD57C4 /* ListingsView.swift */; };
		FBFDFE392AC3928800CD57C4 /* ChatsView.swift in Sources */ = {isa = PBXBuildFile; fileRef = FBFDFE382AC3928800CD57C4 /* ChatsView.swift */; };
/* End PBXBuildFile section */

/* Begin PBXFileReference section */
		FBE880742ACC876100DD801E /* GoogleService-Info.plist */ = {isa = PBXFileReference; lastKnownFileType = text.plist; path = "GoogleService-Info.plist"; sourceTree = SOURCE_ROOT; };
		FBFDFE232AC3913100CD57C4 /* MVP_Tutors.app */ = {isa = PBXFileReference; explicitFileType = wrapper.application; includeInIndex = 0; path = MVP_Tutors.app; sourceTree = BUILT_PRODUCTS_DIR; };
		FBFDFE262AC3913100CD57C4 /* MVP_TutorsApp.swift */ = {isa = PBXFileReference; lastKnownFileType = sourcecode.swift; path = MVP_TutorsApp.swift; sourceTree = "<group>"; };
		FBFDFE282AC3913100CD57C4 /* ContentView.swift */ = {isa = PBXFileReference; lastKnownFileType = sourcecode.swift; path = ContentView.swift; sourceTree = "<group>"; };
		FBFDFE2A2AC3913300CD57C4 /* Assets.xcassets */ = {isa = PBXFileReference; lastKnownFileType = folder.assetcatalog; path = Assets.xcassets; sourceTree = "<group>"; };
		FBFDFE2D2AC3913300CD57C4 /* Preview Assets.xcassets */ = {isa = PBXFileReference; lastKnownFileType = folder.assetcatalog; path = "Preview Assets.xcassets"; sourceTree = "<group>"; };
		FBFDFE342AC3926500CD57C4 /* TutorNowView.swift */ = {isa = PBXFileReference; lastKnownFileType = sourcecode.swift; path = TutorNowView.swift; sourceTree = "<group>"; };
		FBFDFE362AC3927800CD57C4 /* ListingsView.swift */ = {isa = PBXFileReference; lastKnownFileType = sourcecode.swift; path = ListingsView.swift; sourceTree = "<group>"; };
		FBFDFE382AC3928800CD57C4 /* ChatsView.swift */ = {isa = PBXFileReference; lastKnownFileType = sourcecode.swift; path = ChatsView.swift; sourceTree = "<group>"; };
/* End PBXFileReference section */

/* Begin PBXFrameworksBuildPhase section */
		FBFDFE202AC3913100CD57C4 /* Frameworks */ = {
			isa = PBXFrameworksBuildPhase;
			buildActionMask = 2147483647;
			files = (
				FBE8808A2ACC87FF00DD801E /* FirebaseDatabase in Frameworks */,
				FBE880982ACC87FF00DD801E /* FirebaseFunctionsCombine-Community in Frameworks */,
				FBE880902ACC87FF00DD801E /* FirebaseFirestore in Frameworks */,
				FBE8807C2ACC87FF00DD801E /* FirebaseAnalyticsSwift in Frameworks */,
				FBE880782ACC87FF00DD801E /* FirebaseAnalytics in Frameworks */,
				FBE8807A2ACC87FF00DD801E /* FirebaseAnalyticsOnDeviceConversion in Frameworks */,
				FBE880A02ACC87FF00DD801E /* FirebaseMLModelDownloader in Frameworks */,
				FBE880942ACC87FF00DD801E /* FirebaseFirestoreSwift in Frameworks */,
				FBE880802ACC87FF00DD801E /* FirebaseAppCheck in Frameworks */,
				FBE8807E2ACC87FF00DD801E /* FirebaseAnalyticsWithoutAdIdSupport in Frameworks */,
				FBE880842ACC87FF00DD801E /* FirebaseAuth in Frameworks */,
				FBE880882ACC87FF00DD801E /* FirebaseCrashlytics in Frameworks */,
				FBE880A82ACC87FF00DD801E /* FirebaseRemoteConfigSwift in Frameworks */,
				FBE8809A2ACC87FF00DD801E /* FirebaseInAppMessaging-Beta in Frameworks */,
				FBE8808C2ACC87FF00DD801E /* FirebaseDatabaseSwift in Frameworks */,
				FBE880962ACC87FF00DD801E /* FirebaseFunctions in Frameworks */,
				FBE880AC2ACC87FF00DD801E /* FirebaseStorageCombine-Community in Frameworks */,
				FBE880A62ACC87FF00DD801E /* FirebaseRemoteConfig in Frameworks */,
				FBE880822ACC87FF00DD801E /* FirebaseAppDistribution-Beta in Frameworks */,
				FBE880862ACC87FF00DD801E /* FirebaseAuthCombine-Community in Frameworks */,
				FBE880A42ACC87FF00DD801E /* FirebasePerformance in Frameworks */,
				FBE8809C2ACC87FF00DD801E /* FirebaseInAppMessagingSwift-Beta in Frameworks */,
				FBE880AA2ACC87FF00DD801E /* FirebaseStorage in Frameworks */,
				FBE8808E2ACC87FF00DD801E /* FirebaseDynamicLinks in Frameworks */,
				FBE880922ACC87FF00DD801E /* FirebaseFirestoreCombine-Community in Frameworks */,
				FBE880A22ACC87FF00DD801E /* FirebaseMessaging in Frameworks */,
				FBE8809E2ACC87FF00DD801E /* FirebaseInstallations in Frameworks */,
			);
			runOnlyForDeploymentPostprocessing = 0;
		};
/* End PBXFrameworksBuildPhase section */

/* Begin PBXGroup section */
		FBFDFE1A2AC3913100CD57C4 = {
			isa = PBXGroup;
			children = (
				FBFDFE252AC3913100CD57C4 /* MVP_Tutors */,
				FBFDFE242AC3913100CD57C4 /* Products */,
			);
			sourceTree = "<group>";
		};
		FBFDFE242AC3913100CD57C4 /* Products */ = {
			isa = PBXGroup;
			children = (
				FBFDFE232AC3913100CD57C4 /* MVP_Tutors.app */,
			);
			name = Products;
			sourceTree = "<group>";
		};
		FBFDFE252AC3913100CD57C4 /* MVP_Tutors */ = {
			isa = PBXGroup;
			children = (
				FBFDFE262AC3913100CD57C4 /* MVP_TutorsApp.swift */,
				FBFDFE282AC3913100CD57C4 /* ContentView.swift */,
				FBFDFE342AC3926500CD57C4 /* TutorNowView.swift */,
				FBFDFE362AC3927800CD57C4 /* ListingsView.swift */,
				FBFDFE382AC3928800CD57C4 /* ChatsView.swift */,
				FBFDFE2A2AC3913300CD57C4 /* Assets.xcassets */,
				FBE880742ACC876100DD801E /* GoogleService-Info.plist */,
				FBFDFE2C2AC3913300CD57C4 /* Preview Content */,
			);
			path = MVP_Tutors;
			sourceTree = "<group>";
		};
		FBFDFE2C2AC3913300CD57C4 /* Preview Content */ = {
			isa = PBXGroup;
			children = (
				FBFDFE2D2AC3913300CD57C4 /* Preview Assets.xcassets */,
			);
			path = "Preview Content";
			sourceTree = "<group>";
		};
/* End PBXGroup section */

/* Begin PBXNativeTarget section */
		FBFDFE222AC3913100CD57C4 /* MVP_Tutors */ = {
			isa = PBXNativeTarget;
			buildConfigurationList = FBFDFE312AC3913300CD57C4 /* Build configuration list for PBXNativeTarget "MVP_Tutors" */;
			buildPhases = (
				FBFDFE1F2AC3913100CD57C4 /* Sources */,
				FBFDFE202AC3913100CD57C4 /* Frameworks */,
				FBFDFE212AC3913100CD57C4 /* Resources */,
			);
			buildRules = (
			);
			dependencies = (
			);
			name = MVP_Tutors;
			packageProductDependencies = (
				FBE880772ACC87FF00DD801E /* FirebaseAnalytics */,
				FBE880792ACC87FF00DD801E /* FirebaseAnalyticsOnDeviceConversion */,
				FBE8807B2ACC87FF00DD801E /* FirebaseAnalyticsSwift */,
				FBE8807D2ACC87FF00DD801E /* FirebaseAnalyticsWithoutAdIdSupport */,
				FBE8807F2ACC87FF00DD801E /* FirebaseAppCheck */,
				FBE880812ACC87FF00DD801E /* FirebaseAppDistribution-Beta */,
				FBE880832ACC87FF00DD801E /* FirebaseAuth */,
				FBE880852ACC87FF00DD801E /* FirebaseAuthCombine-Community */,
				FBE880872ACC87FF00DD801E /* FirebaseCrashlytics */,
				FBE880892ACC87FF00DD801E /* FirebaseDatabase */,
				FBE8808B2ACC87FF00DD801E /* FirebaseDatabaseSwift */,
				FBE8808D2ACC87FF00DD801E /* FirebaseDynamicLinks */,
				FBE8808F2ACC87FF00DD801E /* FirebaseFirestore */,
				FBE880912ACC87FF00DD801E /* FirebaseFirestoreCombine-Community */,
				FBE880932ACC87FF00DD801E /* FirebaseFirestoreSwift */,
				FBE880952ACC87FF00DD801E /* FirebaseFunctions */,
				FBE880972ACC87FF00DD801E /* FirebaseFunctionsCombine-Community */,
				FBE880992ACC87FF00DD801E /* FirebaseInAppMessaging-Beta */,
				FBE8809B2ACC87FF00DD801E /* FirebaseInAppMessagingSwift-Beta */,
				FBE8809D2ACC87FF00DD801E /* FirebaseInstallations */,
				FBE8809F2ACC87FF00DD801E /* FirebaseMLModelDownloader */,
				FBE880A12ACC87FF00DD801E /* FirebaseMessaging */,
				FBE880A32ACC87FF00DD801E /* FirebasePerformance */,
				FBE880A52ACC87FF00DD801E /* FirebaseRemoteConfig */,
				FBE880A72ACC87FF00DD801E /* FirebaseRemoteConfigSwift */,
				FBE880A92ACC87FF00DD801E /* FirebaseStorage */,
				FBE880AB2ACC87FF00DD801E /* FirebaseStorageCombine-Community */,
			);
			productName = MVP_Tutors;
			productReference = FBFDFE232AC3913100CD57C4 /* MVP_Tutors.app */;
			productType = "com.apple.product-type.application";
		};
/* End PBXNativeTarget section */

/* Begin PBXProject section */
		FBFDFE1B2AC3913100CD57C4 /* Project object */ = {
			isa = PBXProject;
			attributes = {
				BuildIndependentTargetsInParallel = 1;
				LastSwiftUpdateCheck = 1500;
				LastUpgradeCheck = 1500;
				TargetAttributes = {
					FBFDFE222AC3913100CD57C4 = {
						CreatedOnToolsVersion = 15.0;
					};
				};
			};
			buildConfigurationList = FBFDFE1E2AC3913100CD57C4 /* Build configuration list for PBXProject "MVP_Tutors" */;
			compatibilityVersion = "Xcode 14.0";
			developmentRegion = en;
			hasScannedForEncodings = 0;
			knownRegions = (
				en,
				Base,
			);
			mainGroup = FBFDFE1A2AC3913100CD57C4;
			packageReferences = (
				FBE880762ACC87FF00DD801E /* XCRemoteSwiftPackageReference "firebase-ios-sdk" */,
			);
			productRefGroup = FBFDFE242AC3913100CD57C4 /* Products */;
			projectDirPath = "";
			projectRoot = "";
			targets = (
				FBFDFE222AC3913100CD57C4 /* MVP_Tutors */,
			);
		};
/* End PBXProject section */

/* Begin PBXResourcesBuildPhase section */
		FBFDFE212AC3913100CD57C4 /* Resources */ = {
			isa = PBXResourcesBuildPhase;
			buildActionMask = 2147483647;
			files = (
				FBFDFE2E2AC3913300CD57C4 /* Preview Assets.xcassets in Resources */,
				FBFDFE2B2AC3913300CD57C4 /* Assets.xcassets in Resources */,
				FBE880752ACC876100DD801E /* GoogleService-Info.plist in Resources */,
			);
			runOnlyForDeploymentPostprocessing = 0;
		};
/* End PBXResourcesBuildPhase section */

/* Begin PBXSourcesBuildPhase section */
		FBFDFE1F2AC3913100CD57C4 /* Sources */ = {
			isa = PBXSourcesBuildPhase;
			buildActionMask = 2147483647;
			files = (
				FBFDFE352AC3926500CD57C4 /* TutorNowView.swift in Sources */,
				FBFDFE372AC3927800CD57C4 /* ListingsView.swift in Sources */,
				FBFDFE392AC3928800CD57C4 /* ChatsView.swift in Sources */,
				FBFDFE292AC3913100CD57C4 /* ContentView.swift in Sources */,
				FBFDFE272AC3913100CD57C4 /* MVP_TutorsApp.swift in Sources */,
			);
			runOnlyForDeploymentPostprocessing = 0;
		};
/* End PBXSourcesBuildPhase section */

/* Begin XCBuildConfiguration section */
		FBFDFE2F2AC3913300CD57C4 /* Debug */ = {
			isa = XCBuildConfiguration;
			buildSettings = {
				ALWAYS_SEARCH_USER_PATHS = NO;
				ASSETCATALOG_COMPILER_GENERATE_SWIFT_ASSET_SYMBOL_EXTENSIONS = YES;
				CLANG_ANALYZER_NONNULL = YES;
				CLANG_ANALYZER_NUMBER_OBJECT_CONVERSION = YES_AGGRESSIVE;
				CLANG_CXX_LANGUAGE_STANDARD = "gnu++20";
				CLANG_ENABLE_MODULES = YES;
				CLANG_ENABLE_OBJC_ARC = YES;
				CLANG_ENABLE_OBJC_WEAK = YES;
				CLANG_WARN_BLOCK_CAPTURE_AUTORELEASING = YES;
				CLANG_WARN_BOOL_CONVERSION = YES;
				CLANG_WARN_COMMA = YES;
				CLANG_WARN_CONSTANT_CONVERSION = YES;
				CLANG_WARN_DEPRECATED_OBJC_IMPLEMENTATIONS = YES;
				CLANG_WARN_DIRECT_OBJC_ISA_USAGE = YES_ERROR;
				CLANG_WARN_DOCUMENTATION_COMMENTS = YES;
				CLANG_WARN_EMPTY_BODY = YES;
				CLANG_WARN_ENUM_CONVERSION = YES;
				CLANG_WARN_INFINITE_RECURSION = YES;
				CLANG_WARN_INT_CONVERSION = YES;
				CLANG_WARN_NON_LITERAL_NULL_CONVERSION = YES;
				CLANG_WARN_OBJC_IMPLICIT_RETAIN_SELF = YES;
				CLANG_WARN_OBJC_LITERAL_CONVERSION = YES;
				CLANG_WARN_OBJC_ROOT_CLASS = YES_ERROR;
				CLANG_WARN_QUOTED_INCLUDE_IN_FRAMEWORK_HEADER = YES;
				CLANG_WARN_RANGE_LOOP_ANALYSIS = YES;
				CLANG_WARN_STRICT_PROTOTYPES = YES;
				CLANG_WARN_SUSPICIOUS_MOVE = YES;
				CLANG_WARN_UNGUARDED_AVAILABILITY = YES_AGGRESSIVE;
				CLANG_WARN_UNREACHABLE_CODE = YES;
				CLANG_WARN__DUPLICATE_METHOD_MATCH = YES;
				COPY_PHASE_STRIP = NO;
				DEBUG_INFORMATION_FORMAT = dwarf;
				ENABLE_STRICT_OBJC_MSGSEND = YES;
				ENABLE_TESTABILITY = YES;
				ENABLE_USER_SCRIPT_SANDBOXING = YES;
				GCC_C_LANGUAGE_STANDARD = gnu17;
				GCC_DYNAMIC_NO_PIC = NO;
				GCC_NO_COMMON_BLOCKS = YES;
				GCC_OPTIMIZATION_LEVEL = 0;
				GCC_PREPROCESSOR_DEFINITIONS = (
					"DEBUG=1",
					"$(inherited)",
				);
				GCC_WARN_64_TO_32_BIT_CONVERSION = YES;
				GCC_WARN_ABOUT_RETURN_TYPE = YES_ERROR;
				GCC_WARN_UNDECLARED_SELECTOR = YES;
				GCC_WARN_UNINITIALIZED_AUTOS = YES_AGGRESSIVE;
				GCC_WARN_UNUSED_FUNCTION = YES;
				GCC_WARN_UNUSED_VARIABLE = YES;
				IPHONEOS_DEPLOYMENT_TARGET = 17.0;
				LOCALIZATION_PREFERS_STRING_CATALOGS = YES;
				MTL_ENABLE_DEBUG_INFO = INCLUDE_SOURCE;
				MTL_FAST_MATH = YES;
				ONLY_ACTIVE_ARCH = YES;
				SDKROOT = iphoneos;
				SWIFT_ACTIVE_COMPILATION_CONDITIONS = "DEBUG $(inherited)";
				SWIFT_OPTIMIZATION_LEVEL = "-Onone";
			};
			name = Debug;
		};
		FBFDFE302AC3913300CD57C4 /* Release */ = {
			isa = XCBuildConfiguration;
			buildSettings = {
				ALWAYS_SEARCH_USER_PATHS = NO;
				ASSETCATALOG_COMPILER_GENERATE_SWIFT_ASSET_SYMBOL_EXTENSIONS = YES;
				CLANG_ANALYZER_NONNULL = YES;
				CLANG_ANALYZER_NUMBER_OBJECT_CONVERSION = YES_AGGRESSIVE;
				CLANG_CXX_LANGUAGE_STANDARD = "gnu++20";
				CLANG_ENABLE_MODULES = YES;
				CLANG_ENABLE_OBJC_ARC = YES;
				CLANG_ENABLE_OBJC_WEAK = YES;
				CLANG_WARN_BLOCK_CAPTURE_AUTORELEASING = YES;
				CLANG_WARN_BOOL_CONVERSION = YES;
				CLANG_WARN_COMMA = YES;
				CLANG_WARN_CONSTANT_CONVERSION = YES;
				CLANG_WARN_DEPRECATED_OBJC_IMPLEMENTATIONS = YES;
				CLANG_WARN_DIRECT_OBJC_ISA_USAGE = YES_ERROR;
				CLANG_WARN_DOCUMENTATION_COMMENTS = YES;
				CLANG_WARN_EMPTY_BODY = YES;
				CLANG_WARN_ENUM_CONVERSION = YES;
				CLANG_WARN_INFINITE_RECURSION = YES;
				CLANG_WARN_INT_CONVERSION = YES;
				CLANG_WARN_NON_LITERAL_NULL_CONVERSION = YES;
				CLANG_WARN_OBJC_IMPLICIT_RETAIN_SELF = YES;
				CLANG_WARN_OBJC_LITERAL_CONVERSION = YES;
				CLANG_WARN_OBJC_ROOT_CLASS = YES_ERROR;
				CLANG_WARN_QUOTED_INCLUDE_IN_FRAMEWORK_HEADER = YES;
				CLANG_WARN_RANGE_LOOP_ANALYSIS = YES;
				CLANG_WARN_STRICT_PROTOTYPES = YES;
				CLANG_WARN_SUSPICIOUS_MOVE = YES;
				CLANG_WARN_UNGUARDED_AVAILABILITY = YES_AGGRESSIVE;
				CLANG_WARN_UNREACHABLE_CODE = YES;
				CLANG_WARN__DUPLICATE_METHOD_MATCH = YES;
				COPY_PHASE_STRIP = NO;
				DEBUG_INFORMATION_FORMAT = "dwarf-with-dsym";
				ENABLE_NS_ASSERTIONS = NO;
				ENABLE_STRICT_OBJC_MSGSEND = YES;
				ENABLE_USER_SCRIPT_SANDBOXING = YES;
				GCC_C_LANGUAGE_STANDARD = gnu17;
				GCC_NO_COMMON_BLOCKS = YES;
				GCC_WARN_64_TO_32_BIT_CONVERSION = YES;
				GCC_WARN_ABOUT_RETURN_TYPE = YES_ERROR;
				GCC_WARN_UNDECLARED_SELECTOR = YES;
				GCC_WARN_UNINITIALIZED_AUTOS = YES_AGGRESSIVE;
				GCC_WARN_UNUSED_FUNCTION = YES;
				GCC_WARN_UNUSED_VARIABLE = YES;
				IPHONEOS_DEPLOYMENT_TARGET = 17.0;
				LOCALIZATION_PREFERS_STRING_CATALOGS = YES;
				MTL_ENABLE_DEBUG_INFO = NO;
				MTL_FAST_MATH = YES;
				SDKROOT = iphoneos;
				SWIFT_COMPILATION_MODE = wholemodule;
				VALIDATE_PRODUCT = YES;
			};
			name = Release;
		};
		FBFDFE322AC3913300CD57C4 /* Debug */ = {
			isa = XCBuildConfiguration;
			buildSettings = {
				ASSETCATALOG_COMPILER_APPICON_NAME = AppIcon;
				ASSETCATALOG_COMPILER_GLOBAL_ACCENT_COLOR_NAME = AccentColor;
				CODE_SIGN_STYLE = Automatic;
				CURRENT_PROJECT_VERSION = 1;
				DEVELOPMENT_ASSET_PATHS = "\"MVP_Tutors/Preview Content\"";
				DEVELOPMENT_TEAM = DR8M2Z7LQW;
				ENABLE_PREVIEWS = YES;
				GENERATE_INFOPLIST_FILE = YES;
				INFOPLIST_KEY_UIApplicationSceneManifest_Generation = YES;
				INFOPLIST_KEY_UIApplicationSupportsIndirectInputEvents = YES;
				INFOPLIST_KEY_UILaunchScreen_Generation = YES;
				INFOPLIST_KEY_UISupportedInterfaceOrientations_iPad = "UIInterfaceOrientationPortrait UIInterfaceOrientationPortraitUpsideDown UIInterfaceOrientationLandscapeLeft UIInterfaceOrientationLandscapeRight";
				INFOPLIST_KEY_UISupportedInterfaceOrientations_iPhone = "UIInterfaceOrientationPortrait UIInterfaceOrientationLandscapeLeft UIInterfaceOrientationLandscapeRight";
				LD_RUNPATH_SEARCH_PATHS = (
					"$(inherited)",
					"@executable_path/Frameworks",
				);
				MARKETING_VERSION = 1.0;
				PRODUCT_BUNDLE_IDENTIFIER = "com.n3Productions.MVP-Tutors";
				PRODUCT_NAME = "$(TARGET_NAME)";
				SWIFT_EMIT_LOC_STRINGS = YES;
				SWIFT_VERSION = 5.0;
				TARGETED_DEVICE_FAMILY = "1,2";
			};
			name = Debug;
		};
		FBFDFE332AC3913300CD57C4 /* Release */ = {
			isa = XCBuildConfiguration;
			buildSettings = {
				ASSETCATALOG_COMPILER_APPICON_NAME = AppIcon;
				ASSETCATALOG_COMPILER_GLOBAL_ACCENT_COLOR_NAME = AccentColor;
				CODE_SIGN_STYLE = Automatic;
				CURRENT_PROJECT_VERSION = 1;
				DEVELOPMENT_ASSET_PATHS = "\"MVP_Tutors/Preview Content\"";
				DEVELOPMENT_TEAM = DR8M2Z7LQW;
				ENABLE_PREVIEWS = YES;
				GENERATE_INFOPLIST_FILE = YES;
				INFOPLIST_KEY_UIApplicationSceneManifest_Generation = YES;
				INFOPLIST_KEY_UIApplicationSupportsIndirectInputEvents = YES;
				INFOPLIST_KEY_UILaunchScreen_Generation = YES;
				INFOPLIST_KEY_UISupportedInterfaceOrientations_iPad = "UIInterfaceOrientationPortrait UIInterfaceOrientationPortraitUpsideDown UIInterfaceOrientationLandscapeLeft UIInterfaceOrientationLandscapeRight";
				INFOPLIST_KEY_UISupportedInterfaceOrientations_iPhone = "UIInterfaceOrientationPortrait UIInterfaceOrientationLandscapeLeft UIInterfaceOrientationLandscapeRight";
				LD_RUNPATH_SEARCH_PATHS = (
					"$(inherited)",
					"@executable_path/Frameworks",
				);
				MARKETING_VERSION = 1.0;
				PRODUCT_BUNDLE_IDENTIFIER = "com.n3Productions.MVP-Tutors";
				PRODUCT_NAME = "$(TARGET_NAME)";
				SWIFT_EMIT_LOC_STRINGS = YES;
				SWIFT_VERSION = 5.0;
				TARGETED_DEVICE_FAMILY = "1,2";
			};
			name = Release;
		};
/* End XCBuildConfiguration section */

/* Begin XCConfigurationList section */
		FBFDFE1E2AC3913100CD57C4 /* Build configuration list for PBXProject "MVP_Tutors" */ = {
			isa = XCConfigurationList;
			buildConfigurations = (
				FBFDFE2F2AC3913300CD57C4 /* Debug */,
				FBFDFE302AC3913300CD57C4 /* Release */,
			);
			defaultConfigurationIsVisible = 0;
			defaultConfigurationName = Release;
		};
		FBFDFE312AC3913300CD57C4 /* Build configuration list for PBXNativeTarget "MVP_Tutors" */ = {
			isa = XCConfigurationList;
			buildConfigurations = (
				FBFDFE322AC3913300CD57C4 /* Debug */,
				FBFDFE332AC3913300CD57C4 /* Release */,
			);
			defaultConfigurationIsVisible = 0;
			defaultConfigurationName = Release;
		};
/* End XCConfigurationList section */

/* Begin XCRemoteSwiftPackageReference section */
		FBE880762ACC87FF00DD801E /* XCRemoteSwiftPackageReference "firebase-ios-sdk" */ = {
			isa = XCRemoteSwiftPackageReference;
			repositoryURL = "https://github.com/firebase/firebase-ios-sdk";
			requirement = {
				kind = upToNextMajorVersion;
				minimumVersion = 10.16.0;
			};
		};
/* End XCRemoteSwiftPackageReference section */

/* Begin XCSwiftPackageProductDependency section */
		FBE880772ACC87FF00DD801E /* FirebaseAnalytics */ = {
			isa = XCSwiftPackageProductDependency;
			package = FBE880762ACC87FF00DD801E /* XCRemoteSwiftPackageReference "firebase-ios-sdk" */;
			productName = FirebaseAnalytics;
		};
		FBE880792ACC87FF00DD801E /* FirebaseAnalyticsOnDeviceConversion */ = {
			isa = XCSwiftPackageProductDependency;
			package = FBE880762ACC87FF00DD801E /* XCRemoteSwiftPackageReference "firebase-ios-sdk" */;
			productName = FirebaseAnalyticsOnDeviceConversion;
		};
		FBE8807B2ACC87FF00DD801E /* FirebaseAnalyticsSwift */ = {
			isa = XCSwiftPackageProductDependency;
			package = FBE880762ACC87FF00DD801E /* XCRemoteSwiftPackageReference "firebase-ios-sdk" */;
			productName = FirebaseAnalyticsSwift;
		};
		FBE8807D2ACC87FF00DD801E /* FirebaseAnalyticsWithoutAdIdSupport */ = {
			isa = XCSwiftPackageProductDependency;
			package = FBE880762ACC87FF00DD801E /* XCRemoteSwiftPackageReference "firebase-ios-sdk" */;
			productName = FirebaseAnalyticsWithoutAdIdSupport;
		};
		FBE8807F2ACC87FF00DD801E /* FirebaseAppCheck */ = {
			isa = XCSwiftPackageProductDependency;
			package = FBE880762ACC87FF00DD801E /* XCRemoteSwiftPackageReference "firebase-ios-sdk" */;
			productName = FirebaseAppCheck;
		};
		FBE880812ACC87FF00DD801E /* FirebaseAppDistribution-Beta */ = {
			isa = XCSwiftPackageProductDependency;
			package = FBE880762ACC87FF00DD801E /* XCRemoteSwiftPackageReference "firebase-ios-sdk" */;
			productName = "FirebaseAppDistribution-Beta";
		};
		FBE880832ACC87FF00DD801E /* FirebaseAuth */ = {
			isa = XCSwiftPackageProductDependency;
			package = FBE880762ACC87FF00DD801E /* XCRemoteSwiftPackageReference "firebase-ios-sdk" */;
			productName = FirebaseAuth;
		};
		FBE880852ACC87FF00DD801E /* FirebaseAuthCombine-Community */ = {
			isa = XCSwiftPackageProductDependency;
			package = FBE880762ACC87FF00DD801E /* XCRemoteSwiftPackageReference "firebase-ios-sdk" */;
			productName = "FirebaseAuthCombine-Community";
		};
		FBE880872ACC87FF00DD801E /* FirebaseCrashlytics */ = {
			isa = XCSwiftPackageProductDependency;
			package = FBE880762ACC87FF00DD801E /* XCRemoteSwiftPackageReference "firebase-ios-sdk" */;
			productName = FirebaseCrashlytics;
		};
		FBE880892ACC87FF00DD801E /* FirebaseDatabase */ = {
			isa = XCSwiftPackageProductDependency;
			package = FBE880762ACC87FF00DD801E /* XCRemoteSwiftPackageReference "firebase-ios-sdk" */;
			productName = FirebaseDatabase;
		};
		FBE8808B2ACC87FF00DD801E /* FirebaseDatabaseSwift */ = {
			isa = XCSwiftPackageProductDependency;
			package = FBE880762ACC87FF00DD801E /* XCRemoteSwiftPackageReference "firebase-ios-sdk" */;
			productName = FirebaseDatabaseSwift;
		};
		FBE8808D2ACC87FF00DD801E /* FirebaseDynamicLinks */ = {
			isa = XCSwiftPackageProductDependency;
			package = FBE880762ACC87FF00DD801E /* XCRemoteSwiftPackageReference "firebase-ios-sdk" */;
			productName = FirebaseDynamicLinks;
		};
		FBE8808F2ACC87FF00DD801E /* FirebaseFirestore */ = {
			isa = XCSwiftPackageProductDependency;
			package = FBE880762ACC87FF00DD801E /* XCRemoteSwiftPackageReference "firebase-ios-sdk" */;
			productName = FirebaseFirestore;
		};
		FBE880912ACC87FF00DD801E /* FirebaseFirestoreCombine-Community */ = {
			isa = XCSwiftPackageProductDependency;
			package = FBE880762ACC87FF00DD801E /* XCRemoteSwiftPackageReference "firebase-ios-sdk" */;
			productName = "FirebaseFirestoreCombine-Community";
		};
		FBE880932ACC87FF00DD801E /* FirebaseFirestoreSwift */ = {
			isa = XCSwiftPackageProductDependency;
			package = FBE880762ACC87FF00DD801E /* XCRemoteSwiftPackageReference "firebase-ios-sdk" */;
			productName = FirebaseFirestoreSwift;
		};
		FBE880952ACC87FF00DD801E /* FirebaseFunctions */ = {
			isa = XCSwiftPackageProductDependency;
			package = FBE880762ACC87FF00DD801E /* XCRemoteSwiftPackageReference "firebase-ios-sdk" */;
			productName = FirebaseFunctions;
		};
		FBE880972ACC87FF00DD801E /* FirebaseFunctionsCombine-Community */ = {
			isa = XCSwiftPackageProductDependency;
			package = FBE880762ACC87FF00DD801E /* XCRemoteSwiftPackageReference "firebase-ios-sdk" */;
			productName = "FirebaseFunctionsCombine-Community";
		};
		FBE880992ACC87FF00DD801E /* FirebaseInAppMessaging-Beta */ = {
			isa = XCSwiftPackageProductDependency;
			package = FBE880762ACC87FF00DD801E /* XCRemoteSwiftPackageReference "firebase-ios-sdk" */;
			productName = "FirebaseInAppMessaging-Beta";
		};
		FBE8809B2ACC87FF00DD801E /* FirebaseInAppMessagingSwift-Beta */ = {
			isa = XCSwiftPackageProductDependency;
			package = FBE880762ACC87FF00DD801E /* XCRemoteSwiftPackageReference "firebase-ios-sdk" */;
			productName = "FirebaseInAppMessagingSwift-Beta";
		};
		FBE8809D2ACC87FF00DD801E /* FirebaseInstallations */ = {
			isa = XCSwiftPackageProductDependency;
			package = FBE880762ACC87FF00DD801E /* XCRemoteSwiftPackageReference "firebase-ios-sdk" */;
			productName = FirebaseInstallations;
		};
		FBE8809F2ACC87FF00DD801E /* FirebaseMLModelDownloader */ = {
			isa = XCSwiftPackageProductDependency;
			package = FBE880762ACC87FF00DD801E /* XCRemoteSwiftPackageReference "firebase-ios-sdk" */;
			productName = FirebaseMLModelDownloader;
		};
		FBE880A12ACC87FF00DD801E /* FirebaseMessaging */ = {
			isa = XCSwiftPackageProductDependency;
			package = FBE880762ACC87FF00DD801E /* XCRemoteSwiftPackageReference "firebase-ios-sdk" */;
			productName = FirebaseMessaging;
		};
		FBE880A32ACC87FF00DD801E /* FirebasePerformance */ = {
			isa = XCSwiftPackageProductDependency;
			package = FBE880762ACC87FF00DD801E /* XCRemoteSwiftPackageReference "firebase-ios-sdk" */;
			productName = FirebasePerformance;
		};
		FBE880A52ACC87FF00DD801E /* FirebaseRemoteConfig */ = {
			isa = XCSwiftPackageProductDependency;
			package = FBE880762ACC87FF00DD801E /* XCRemoteSwiftPackageReference "firebase-ios-sdk" */;
			productName = FirebaseRemoteConfig;
		};
		FBE880A72ACC87FF00DD801E /* FirebaseRemoteConfigSwift */ = {
			isa = XCSwiftPackageProductDependency;
			package = FBE880762ACC87FF00DD801E /* XCRemoteSwiftPackageReference "firebase-ios-sdk" */;
			productName = FirebaseRemoteConfigSwift;
		};
		FBE880A92ACC87FF00DD801E /* FirebaseStorage */ = {
			isa = XCSwiftPackageProductDependency;
			package = FBE880762ACC87FF00DD801E /* XCRemoteSwiftPackageReference "firebase-ios-sdk" */;
			productName = FirebaseStorage;
		};
		FBE880AB2ACC87FF00DD801E /* FirebaseStorageCombine-Community */ = {
			isa = XCSwiftPackageProductDependency;
			package = FBE880762ACC87FF00DD801E /* XCRemoteSwiftPackageReference "firebase-ios-sdk" */;
			productName = "FirebaseStorageCombine-Community";
		};
/* End XCSwiftPackageProductDependency section */
	};
	rootObject = FBFDFE1B2AC3913100CD57C4 /* Project object */;
}
