// !$*UTF8*$!
{
	archiveVersion = 1;
	classes = {
	};
	objectVersion = 56;
	objects = {

/* Begin PBXBuildFile section */
		53986F602AE9E33700A73EC8 /* FirebaseAnalytics in Frameworks */ = {isa = PBXBuildFile; productRef = 53986F5F2AE9E33700A73EC8 /* FirebaseAnalytics */; };
		53986F622AE9E33700A73EC8 /* FirebaseAnalyticsOnDeviceConversion in Frameworks */ = {isa = PBXBuildFile; productRef = 53986F612AE9E33700A73EC8 /* FirebaseAnalyticsOnDeviceConversion */; };
		53986F642AE9E33700A73EC8 /* FirebaseAnalyticsSwift in Frameworks */ = {isa = PBXBuildFile; productRef = 53986F632AE9E33700A73EC8 /* FirebaseAnalyticsSwift */; };
		53986F662AE9E33700A73EC8 /* FirebaseAnalyticsWithoutAdIdSupport in Frameworks */ = {isa = PBXBuildFile; productRef = 53986F652AE9E33700A73EC8 /* FirebaseAnalyticsWithoutAdIdSupport */; };
		53986F682AE9E33700A73EC8 /* FirebaseAppCheck in Frameworks */ = {isa = PBXBuildFile; productRef = 53986F672AE9E33700A73EC8 /* FirebaseAppCheck */; };
		53986F6A2AE9E33700A73EC8 /* FirebaseAppDistribution-Beta in Frameworks */ = {isa = PBXBuildFile; productRef = 53986F692AE9E33700A73EC8 /* FirebaseAppDistribution-Beta */; };
		53986F6C2AE9E33700A73EC8 /* FirebaseAuth in Frameworks */ = {isa = PBXBuildFile; productRef = 53986F6B2AE9E33700A73EC8 /* FirebaseAuth */; };
		53986F6E2AE9E33700A73EC8 /* FirebaseAuthCombine-Community in Frameworks */ = {isa = PBXBuildFile; productRef = 53986F6D2AE9E33700A73EC8 /* FirebaseAuthCombine-Community */; };
		53986F702AE9E33700A73EC8 /* FirebaseCrashlytics in Frameworks */ = {isa = PBXBuildFile; productRef = 53986F6F2AE9E33700A73EC8 /* FirebaseCrashlytics */; };
		53986F722AE9E33700A73EC8 /* FirebaseDatabase in Frameworks */ = {isa = PBXBuildFile; productRef = 53986F712AE9E33700A73EC8 /* FirebaseDatabase */; };
		53986F742AE9E33700A73EC8 /* FirebaseDatabaseSwift in Frameworks */ = {isa = PBXBuildFile; productRef = 53986F732AE9E33700A73EC8 /* FirebaseDatabaseSwift */; };
		53986F762AE9E33700A73EC8 /* FirebaseDynamicLinks in Frameworks */ = {isa = PBXBuildFile; productRef = 53986F752AE9E33700A73EC8 /* FirebaseDynamicLinks */; };
		53986F782AE9E33700A73EC8 /* FirebaseFirestore in Frameworks */ = {isa = PBXBuildFile; productRef = 53986F772AE9E33700A73EC8 /* FirebaseFirestore */; };
		53986F7A2AE9E33700A73EC8 /* FirebaseFirestoreCombine-Community in Frameworks */ = {isa = PBXBuildFile; productRef = 53986F792AE9E33700A73EC8 /* FirebaseFirestoreCombine-Community */; };
		53986F7C2AE9E33700A73EC8 /* FirebaseFirestoreSwift in Frameworks */ = {isa = PBXBuildFile; productRef = 53986F7B2AE9E33700A73EC8 /* FirebaseFirestoreSwift */; };
		53986F7E2AE9E33700A73EC8 /* FirebaseFunctions in Frameworks */ = {isa = PBXBuildFile; productRef = 53986F7D2AE9E33700A73EC8 /* FirebaseFunctions */; };
		53986F802AE9E33700A73EC8 /* FirebaseFunctionsCombine-Community in Frameworks */ = {isa = PBXBuildFile; productRef = 53986F7F2AE9E33700A73EC8 /* FirebaseFunctionsCombine-Community */; };
		53986F822AE9E33700A73EC8 /* FirebaseInAppMessaging-Beta in Frameworks */ = {isa = PBXBuildFile; productRef = 53986F812AE9E33700A73EC8 /* FirebaseInAppMessaging-Beta */; };
		53986F842AE9E33700A73EC8 /* FirebaseInAppMessagingSwift-Beta in Frameworks */ = {isa = PBXBuildFile; productRef = 53986F832AE9E33700A73EC8 /* FirebaseInAppMessagingSwift-Beta */; };
		53986F862AE9E33700A73EC8 /* FirebaseInstallations in Frameworks */ = {isa = PBXBuildFile; productRef = 53986F852AE9E33700A73EC8 /* FirebaseInstallations */; };
		53986F882AE9E33700A73EC8 /* FirebaseMLModelDownloader in Frameworks */ = {isa = PBXBuildFile; productRef = 53986F872AE9E33700A73EC8 /* FirebaseMLModelDownloader */; };
		53986F8A2AE9E33700A73EC8 /* FirebaseMessaging in Frameworks */ = {isa = PBXBuildFile; productRef = 53986F892AE9E33700A73EC8 /* FirebaseMessaging */; };
		53986F8C2AE9E33700A73EC8 /* FirebasePerformance in Frameworks */ = {isa = PBXBuildFile; productRef = 53986F8B2AE9E33700A73EC8 /* FirebasePerformance */; };
		53986F8E2AE9E33700A73EC8 /* FirebaseRemoteConfig in Frameworks */ = {isa = PBXBuildFile; productRef = 53986F8D2AE9E33700A73EC8 /* FirebaseRemoteConfig */; };
		53986F902AE9E33700A73EC8 /* FirebaseRemoteConfigSwift in Frameworks */ = {isa = PBXBuildFile; productRef = 53986F8F2AE9E33700A73EC8 /* FirebaseRemoteConfigSwift */; };
		53986F922AE9E33700A73EC8 /* FirebaseStorage in Frameworks */ = {isa = PBXBuildFile; productRef = 53986F912AE9E33700A73EC8 /* FirebaseStorage */; };
		53986F942AE9E33700A73EC8 /* FirebaseStorageCombine-Community in Frameworks */ = {isa = PBXBuildFile; productRef = 53986F932AE9E33700A73EC8 /* FirebaseStorageCombine-Community */; };
		53DA079F2AECA91B007615E5 /* ImagePicker.swift in Sources */ = {isa = PBXBuildFile; fileRef = 53DA079E2AECA91B007615E5 /* ImagePicker.swift */; };
		53DA07A12AECAEA6007615E5 /* FirebaseManager.swift in Sources */ = {isa = PBXBuildFile; fileRef = 53DA07A02AECAEA6007615E5 /* FirebaseManager.swift */; };
		53F9112D2AF06AC700CCA146 /* AppUser.swift in Sources */ = {isa = PBXBuildFile; fileRef = 53F9112C2AF06AC700CCA146 /* AppUser.swift */; };
		FB6A04742AD583F900380C0B /* ResetPassword.swift in Sources */ = {isa = PBXBuildFile; fileRef = FB6A04732AD583F900380C0B /* ResetPassword.swift */; };
		FB6E83582ADA1AFC004C5F5F /* ProfileView.swift in Sources */ = {isa = PBXBuildFile; fileRef = FB6E83572ADA1AFC004C5F5F /* ProfileView.swift */; };
		FBBCEEBE2B0ECE7100C0AC23 /* ChatsLogView.swift in Sources */ = {isa = PBXBuildFile; fileRef = FBBCEEBD2B0ECE7100C0AC23 /* ChatsLogView.swift */; };
		FBC7EF8C2B0992480011BBAB /* NewMessageView.swift in Sources */ = {isa = PBXBuildFile; fileRef = FBC7EF8B2B0992480011BBAB /* NewMessageView.swift */; };
		FBDE465A2ACD17BA00CAC59B /* GoogleService-Info.plist in Resources */ = {isa = PBXBuildFile; fileRef = FBDE46592ACD17BA00CAC59B /* GoogleService-Info.plist */; };
		FBE880B02ACC9F8C00DD801E /* AuthView.swift in Sources */ = {isa = PBXBuildFile; fileRef = FBE880AF2ACC9F8C00DD801E /* AuthView.swift */; };
		FBFDFE272AC3913100CD57C4 /* TutorNovaApp.swift in Sources */ = {isa = PBXBuildFile; fileRef = FBFDFE262AC3913100CD57C4 /* TutorNovaApp.swift */; };
		FBFDFE292AC3913100CD57C4 /* ContentView.swift in Sources */ = {isa = PBXBuildFile; fileRef = FBFDFE282AC3913100CD57C4 /* ContentView.swift */; };
		FBFDFE2B2AC3913300CD57C4 /* Assets.xcassets in Resources */ = {isa = PBXBuildFile; fileRef = FBFDFE2A2AC3913300CD57C4 /* Assets.xcassets */; };
		FBFDFE2E2AC3913300CD57C4 /* Preview Assets.xcassets in Resources */ = {isa = PBXBuildFile; fileRef = FBFDFE2D2AC3913300CD57C4 /* Preview Assets.xcassets */; };
		FBFDFE352AC3926500CD57C4 /* TutorNowView.swift in Sources */ = {isa = PBXBuildFile; fileRef = FBFDFE342AC3926500CD57C4 /* TutorNowView.swift */; };
		FBFDFE372AC3927800CD57C4 /* ListingsView.swift in Sources */ = {isa = PBXBuildFile; fileRef = FBFDFE362AC3927800CD57C4 /* ListingsView.swift */; };
		FBFDFE392AC3928800CD57C4 /* ChatsView.swift in Sources */ = {isa = PBXBuildFile; fileRef = FBFDFE382AC3928800CD57C4 /* ChatsView.swift */; };
/* End PBXBuildFile section */

/* Begin PBXFileReference section */
		53DA079E2AECA91B007615E5 /* ImagePicker.swift */ = {isa = PBXFileReference; lastKnownFileType = sourcecode.swift; path = ImagePicker.swift; sourceTree = "<group>"; };
		53DA07A02AECAEA6007615E5 /* FirebaseManager.swift */ = {isa = PBXFileReference; lastKnownFileType = sourcecode.swift; path = FirebaseManager.swift; sourceTree = "<group>"; };
		53F9112C2AF06AC700CCA146 /* AppUser.swift */ = {isa = PBXFileReference; lastKnownFileType = sourcecode.swift; path = AppUser.swift; sourceTree = "<group>"; };
		FB6A04732AD583F900380C0B /* ResetPassword.swift */ = {isa = PBXFileReference; lastKnownFileType = sourcecode.swift; path = ResetPassword.swift; sourceTree = "<group>"; };
		FB6E83572ADA1AFC004C5F5F /* ProfileView.swift */ = {isa = PBXFileReference; lastKnownFileType = sourcecode.swift; path = ProfileView.swift; sourceTree = "<group>"; };
		FBBCEEBD2B0ECE7100C0AC23 /* ChatsLogView.swift */ = {isa = PBXFileReference; lastKnownFileType = sourcecode.swift; path = ChatsLogView.swift; sourceTree = "<group>"; };
		FBC7EF8B2B0992480011BBAB /* NewMessageView.swift */ = {isa = PBXFileReference; lastKnownFileType = sourcecode.swift; path = NewMessageView.swift; sourceTree = "<group>"; };
		FBDE46592ACD17BA00CAC59B /* GoogleService-Info.plist */ = {isa = PBXFileReference; fileEncoding = 4; lastKnownFileType = text.plist.xml; path = "GoogleService-Info.plist"; sourceTree = "<group>"; };
		FBE880AF2ACC9F8C00DD801E /* AuthView.swift */ = {isa = PBXFileReference; lastKnownFileType = sourcecode.swift; path = AuthView.swift; sourceTree = "<group>"; };
		FBFDFE232AC3913100CD57C4 /* Tutor Nova.app */ = {isa = PBXFileReference; explicitFileType = wrapper.application; includeInIndex = 0; path = "Tutor Nova.app"; sourceTree = BUILT_PRODUCTS_DIR; };
		FBFDFE262AC3913100CD57C4 /* TutorNovaApp.swift */ = {isa = PBXFileReference; lastKnownFileType = sourcecode.swift; path = TutorNovaApp.swift; sourceTree = "<group>"; };
		FBFDFE282AC3913100CD57C4 /* ContentView.swift */ = {isa = PBXFileReference; lastKnownFileType = sourcecode.swift; path = ContentView.swift; sourceTree = "<group>"; };
		FBFDFE2A2AC3913300CD57C4 /* Assets.xcassets */ = {isa = PBXFileReference; lastKnownFileType = folder.assetcatalog; path = Assets.xcassets; sourceTree = "<group>"; };
		FBFDFE2D2AC3913300CD57C4 /* Preview Assets.xcassets */ = {isa = PBXFileReference; lastKnownFileType = folder.assetcatalog; path = "Preview Assets.xcassets"; sourceTree = "<group>"; };
		FBFDFE342AC3926500CD57C4 /* TutorNowView.swift */ = {isa = PBXFileReference; lastKnownFileType = sourcecode.swift; path = TutorNowView.swift; sourceTree = "<group>"; };
		FBFDFE362AC3927800CD57C4 /* ListingsView.swift */ = {isa = PBXFileReference; lastKnownFileType = sourcecode.swift; path = ListingsView.swift; sourceTree = "<group>"; };
		FBFDFE382AC3928800CD57C4 /* ChatsView.swift */ = {isa = PBXFileReference; lastKnownFileType = sourcecode.swift; path = ChatsView.swift; sourceTree = "<group>"; };
/* End PBXFileReference section */

/* Begin PBXFrameworksBuildPhase section */
		FBFDFE202AC3913100CD57C4 /* Frameworks */ = {
			isa = PBXFrameworksBuildPhase;
			buildActionMask = 2147483647;
			files = (
				53986F7E2AE9E33700A73EC8 /* FirebaseFunctions in Frameworks */,
				53986F742AE9E33700A73EC8 /* FirebaseDatabaseSwift in Frameworks */,
				53986F842AE9E33700A73EC8 /* FirebaseInAppMessagingSwift-Beta in Frameworks */,
				53986F8A2AE9E33700A73EC8 /* FirebaseMessaging in Frameworks */,
				53986F6A2AE9E33700A73EC8 /* FirebaseAppDistribution-Beta in Frameworks */,
				53986F6E2AE9E33700A73EC8 /* FirebaseAuthCombine-Community in Frameworks */,
				53986F7A2AE9E33700A73EC8 /* FirebaseFirestoreCombine-Community in Frameworks */,
				53986F642AE9E33700A73EC8 /* FirebaseAnalyticsSwift in Frameworks */,
				53986F882AE9E33700A73EC8 /* FirebaseMLModelDownloader in Frameworks */,
				53986F662AE9E33700A73EC8 /* FirebaseAnalyticsWithoutAdIdSupport in Frameworks */,
				53986F602AE9E33700A73EC8 /* FirebaseAnalytics in Frameworks */,
				53986F7C2AE9E33700A73EC8 /* FirebaseFirestoreSwift in Frameworks */,
				53986F622AE9E33700A73EC8 /* FirebaseAnalyticsOnDeviceConversion in Frameworks */,
				53986F682AE9E33700A73EC8 /* FirebaseAppCheck in Frameworks */,
				53986F8C2AE9E33700A73EC8 /* FirebasePerformance in Frameworks */,
				53986F822AE9E33700A73EC8 /* FirebaseInAppMessaging-Beta in Frameworks */,
				53986F802AE9E33700A73EC8 /* FirebaseFunctionsCombine-Community in Frameworks */,
				53986F702AE9E33700A73EC8 /* FirebaseCrashlytics in Frameworks */,
				53986F862AE9E33700A73EC8 /* FirebaseInstallations in Frameworks */,
				53986F8E2AE9E33700A73EC8 /* FirebaseRemoteConfig in Frameworks */,
				53986F922AE9E33700A73EC8 /* FirebaseStorage in Frameworks */,
				53986F722AE9E33700A73EC8 /* FirebaseDatabase in Frameworks */,
				53986F942AE9E33700A73EC8 /* FirebaseStorageCombine-Community in Frameworks */,
				53986F6C2AE9E33700A73EC8 /* FirebaseAuth in Frameworks */,
				53986F762AE9E33700A73EC8 /* FirebaseDynamicLinks in Frameworks */,
				53986F782AE9E33700A73EC8 /* FirebaseFirestore in Frameworks */,
				53986F902AE9E33700A73EC8 /* FirebaseRemoteConfigSwift in Frameworks */,
			);
			runOnlyForDeploymentPostprocessing = 0;
		};
/* End PBXFrameworksBuildPhase section */

/* Begin PBXGroup section */
		FB036F342B27BB7E00B8FAF4 /* Chat */ = {
			isa = PBXGroup;
			children = (
				FBBCEEBD2B0ECE7100C0AC23 /* ChatsLogView.swift */,
				FBFDFE382AC3928800CD57C4 /* ChatsView.swift */,
				FB6E83572ADA1AFC004C5F5F /* ProfileView.swift */,
				FBC7EF8B2B0992480011BBAB /* NewMessageView.swift */,
			);
			path = Chat;
			sourceTree = "<group>";
		};
		FB7BD6A52AECC27B00D88AC0 /* Utils */ = {
			isa = PBXGroup;
			children = (
				53DA07A02AECAEA6007615E5 /* FirebaseManager.swift */,
				53DA079E2AECA91B007615E5 /* ImagePicker.swift */,
				53F9112C2AF06AC700CCA146 /* AppUser.swift */,
			);
			path = Utils;
			sourceTree = "<group>";
		};
		FBE880AE2ACC9F6000DD801E /* Views */ = {
			isa = PBXGroup;
			children = (
				FBFDFE342AC3926500CD57C4 /* TutorNowView.swift */,
				FBFDFE362AC3927800CD57C4 /* ListingsView.swift */,
				FB036F342B27BB7E00B8FAF4 /* Chat */,
			);
			path = Views;
			sourceTree = "<group>";
		};
		FBF97B162AE5D1AF00BCA3D2 /* Auth */ = {
			isa = PBXGroup;
			children = (
				FBE880AF2ACC9F8C00DD801E /* AuthView.swift */,
				FB6A04732AD583F900380C0B /* ResetPassword.swift */,
			);
			path = Auth;
			sourceTree = "<group>";
		};
		FBFDFE1A2AC3913100CD57C4 = {
			isa = PBXGroup;
			children = (
				FBFDFE252AC3913100CD57C4 /* Tutor Nova */,
				FBFDFE242AC3913100CD57C4 /* Products */,
			);
			sourceTree = "<group>";
		};
		FBFDFE242AC3913100CD57C4 /* Products */ = {
			isa = PBXGroup;
			children = (
				FBFDFE232AC3913100CD57C4 /* Tutor Nova.app */,
			);
			name = Products;
			sourceTree = "<group>";
		};
		FBFDFE252AC3913100CD57C4 /* Tutor Nova */ = {
			isa = PBXGroup;
			children = (
				FB7BD6A52AECC27B00D88AC0 /* Utils */,
				FBF97B162AE5D1AF00BCA3D2 /* Auth */,
				FBFDFE262AC3913100CD57C4 /* TutorNovaApp.swift */,
				FBFDFE282AC3913100CD57C4 /* ContentView.swift */,
				FBE880AE2ACC9F6000DD801E /* Views */,
				FBFDFE2A2AC3913300CD57C4 /* Assets.xcassets */,
				FBDE46592ACD17BA00CAC59B /* GoogleService-Info.plist */,
				FBFDFE2C2AC3913300CD57C4 /* Preview Content */,
			);
			path = "Tutor Nova";
			sourceTree = "<group>";
		};
		FBFDFE2C2AC3913300CD57C4 /* Preview Content */ = {
			isa = PBXGroup;
			children = (
				FBFDFE2D2AC3913300CD57C4 /* Preview Assets.xcassets */,
			);
			path = "Preview Content";
			sourceTree = "<group>";
		};
/* End PBXGroup section */

/* Begin PBXNativeTarget section */
		FBFDFE222AC3913100CD57C4 /* Tutor Nova */ = {
			isa = PBXNativeTarget;
			buildConfigurationList = FBFDFE312AC3913300CD57C4 /* Build configuration list for PBXNativeTarget "Tutor Nova" */;
			buildPhases = (
				FBFDFE1F2AC3913100CD57C4 /* Sources */,
				FBFDFE202AC3913100CD57C4 /* Frameworks */,
				FBFDFE212AC3913100CD57C4 /* Resources */,
			);
			buildRules = (
			);
			dependencies = (
			);
			name = "Tutor Nova";
			packageProductDependencies = (
				53986F5F2AE9E33700A73EC8 /* FirebaseAnalytics */,
				53986F612AE9E33700A73EC8 /* FirebaseAnalyticsOnDeviceConversion */,
				53986F632AE9E33700A73EC8 /* FirebaseAnalyticsSwift */,
				53986F652AE9E33700A73EC8 /* FirebaseAnalyticsWithoutAdIdSupport */,
				53986F672AE9E33700A73EC8 /* FirebaseAppCheck */,
				53986F692AE9E33700A73EC8 /* FirebaseAppDistribution-Beta */,
				53986F6B2AE9E33700A73EC8 /* FirebaseAuth */,
				53986F6D2AE9E33700A73EC8 /* FirebaseAuthCombine-Community */,
				53986F6F2AE9E33700A73EC8 /* FirebaseCrashlytics */,
				53986F712AE9E33700A73EC8 /* FirebaseDatabase */,
				53986F732AE9E33700A73EC8 /* FirebaseDatabaseSwift */,
				53986F752AE9E33700A73EC8 /* FirebaseDynamicLinks */,
				53986F772AE9E33700A73EC8 /* FirebaseFirestore */,
				53986F792AE9E33700A73EC8 /* FirebaseFirestoreCombine-Community */,
				53986F7B2AE9E33700A73EC8 /* FirebaseFirestoreSwift */,
				53986F7D2AE9E33700A73EC8 /* FirebaseFunctions */,
				53986F7F2AE9E33700A73EC8 /* FirebaseFunctionsCombine-Community */,
				53986F812AE9E33700A73EC8 /* FirebaseInAppMessaging-Beta */,
				53986F832AE9E33700A73EC8 /* FirebaseInAppMessagingSwift-Beta */,
				53986F852AE9E33700A73EC8 /* FirebaseInstallations */,
				53986F872AE9E33700A73EC8 /* FirebaseMLModelDownloader */,
				53986F892AE9E33700A73EC8 /* FirebaseMessaging */,
				53986F8B2AE9E33700A73EC8 /* FirebasePerformance */,
				53986F8D2AE9E33700A73EC8 /* FirebaseRemoteConfig */,
				53986F8F2AE9E33700A73EC8 /* FirebaseRemoteConfigSwift */,
				53986F912AE9E33700A73EC8 /* FirebaseStorage */,
				53986F932AE9E33700A73EC8 /* FirebaseStorageCombine-Community */,
			);
			productName = MVP_Tutors;
			productReference = FBFDFE232AC3913100CD57C4 /* Tutor Nova.app */;
			productType = "com.apple.product-type.application";
		};
/* End PBXNativeTarget section */

/* Begin PBXProject section */
		FBFDFE1B2AC3913100CD57C4 /* Project object */ = {
			isa = PBXProject;
			attributes = {
				BuildIndependentTargetsInParallel = 1;
				LastSwiftUpdateCheck = 1500;
				LastUpgradeCheck = 1500;
				TargetAttributes = {
					FBFDFE222AC3913100CD57C4 = {
						CreatedOnToolsVersion = 15.0;
					};
				};
			};
			buildConfigurationList = FBFDFE1E2AC3913100CD57C4 /* Build configuration list for PBXProject "Tutor Nova" */;
			compatibilityVersion = "Xcode 14.0";
			developmentRegion = en;
			hasScannedForEncodings = 0;
			knownRegions = (
				en,
				Base,
			);
			mainGroup = FBFDFE1A2AC3913100CD57C4;
			packageReferences = (
				53986F5E2AE9E33700A73EC8 /* XCRemoteSwiftPackageReference "firebase-ios-sdk" */,
			);
			productRefGroup = FBFDFE242AC3913100CD57C4 /* Products */;
			projectDirPath = "";
			projectRoot = "";
			targets = (
				FBFDFE222AC3913100CD57C4 /* Tutor Nova */,
			);
		};
/* End PBXProject section */

/* Begin PBXResourcesBuildPhase section */
		FBFDFE212AC3913100CD57C4 /* Resources */ = {
			isa = PBXResourcesBuildPhase;
			buildActionMask = 2147483647;
			files = (
				FBFDFE2E2AC3913300CD57C4 /* Preview Assets.xcassets in Resources */,
				FBFDFE2B2AC3913300CD57C4 /* Assets.xcassets in Resources */,
				FBDE465A2ACD17BA00CAC59B /* GoogleService-Info.plist in Resources */,
			);
			runOnlyForDeploymentPostprocessing = 0;
		};
/* End PBXResourcesBuildPhase section */

/* Begin PBXSourcesBuildPhase section */
		FBFDFE1F2AC3913100CD57C4 /* Sources */ = {
			isa = PBXSourcesBuildPhase;
			buildActionMask = 2147483647;
			files = (
				FB6E83582ADA1AFC004C5F5F /* ProfileView.swift in Sources */,
				FBFDFE352AC3926500CD57C4 /* TutorNowView.swift in Sources */,
				53DA07A12AECAEA6007615E5 /* FirebaseManager.swift in Sources */,
				53F9112D2AF06AC700CCA146 /* AppUser.swift in Sources */,
				FBFDFE372AC3927800CD57C4 /* ListingsView.swift in Sources */,
				FBBCEEBE2B0ECE7100C0AC23 /* ChatsLogView.swift in Sources */,
				53DA079F2AECA91B007615E5 /* ImagePicker.swift in Sources */,
				FB6A04742AD583F900380C0B /* ResetPassword.swift in Sources */,
				FBE880B02ACC9F8C00DD801E /* AuthView.swift in Sources */,
				FBFDFE392AC3928800CD57C4 /* ChatsView.swift in Sources */,
				FBC7EF8C2B0992480011BBAB /* NewMessageView.swift in Sources */,
				FBFDFE292AC3913100CD57C4 /* ContentView.swift in Sources */,
				FBFDFE272AC3913100CD57C4 /* TutorNovaApp.swift in Sources */,
			);
			runOnlyForDeploymentPostprocessing = 0;
		};
/* End PBXSourcesBuildPhase section */

/* Begin XCBuildConfiguration section */
		FBFDFE2F2AC3913300CD57C4 /* Debug */ = {
			isa = XCBuildConfiguration;
			buildSettings = {
				ALWAYS_SEARCH_USER_PATHS = NO;
				ASSETCATALOG_COMPILER_GENERATE_SWIFT_ASSET_SYMBOL_EXTENSIONS = YES;
				CLANG_ANALYZER_NONNULL = YES;
				CLANG_ANALYZER_NUMBER_OBJECT_CONVERSION = YES_AGGRESSIVE;
				CLANG_CXX_LANGUAGE_STANDARD = "gnu++20";
				CLANG_ENABLE_MODULES = YES;
				CLANG_ENABLE_OBJC_ARC = YES;
				CLANG_ENABLE_OBJC_WEAK = YES;
				CLANG_WARN_BLOCK_CAPTURE_AUTORELEASING = YES;
				CLANG_WARN_BOOL_CONVERSION = YES;
				CLANG_WARN_COMMA = YES;
				CLANG_WARN_CONSTANT_CONVERSION = YES;
				CLANG_WARN_DEPRECATED_OBJC_IMPLEMENTATIONS = YES;
				CLANG_WARN_DIRECT_OBJC_ISA_USAGE = YES_ERROR;
				CLANG_WARN_DOCUMENTATION_COMMENTS = YES;
				CLANG_WARN_EMPTY_BODY = YES;
				CLANG_WARN_ENUM_CONVERSION = YES;
				CLANG_WARN_INFINITE_RECURSION = YES;
				CLANG_WARN_INT_CONVERSION = YES;
				CLANG_WARN_NON_LITERAL_NULL_CONVERSION = YES;
				CLANG_WARN_OBJC_IMPLICIT_RETAIN_SELF = YES;
				CLANG_WARN_OBJC_LITERAL_CONVERSION = YES;
				CLANG_WARN_OBJC_ROOT_CLASS = YES_ERROR;
				CLANG_WARN_QUOTED_INCLUDE_IN_FRAMEWORK_HEADER = YES;
				CLANG_WARN_RANGE_LOOP_ANALYSIS = YES;
				CLANG_WARN_STRICT_PROTOTYPES = YES;
				CLANG_WARN_SUSPICIOUS_MOVE = YES;
				CLANG_WARN_UNGUARDED_AVAILABILITY = YES_AGGRESSIVE;
				CLANG_WARN_UNREACHABLE_CODE = YES;
				CLANG_WARN__DUPLICATE_METHOD_MATCH = YES;
				COPY_PHASE_STRIP = NO;
				DEBUG_INFORMATION_FORMAT = dwarf;
				ENABLE_STRICT_OBJC_MSGSEND = YES;
				ENABLE_TESTABILITY = YES;
				ENABLE_USER_SCRIPT_SANDBOXING = YES;
				GCC_C_LANGUAGE_STANDARD = gnu17;
				GCC_DYNAMIC_NO_PIC = NO;
				GCC_NO_COMMON_BLOCKS = YES;
				GCC_OPTIMIZATION_LEVEL = 0;
				GCC_PREPROCESSOR_DEFINITIONS = (
					"DEBUG=1",
					"$(inherited)",
				);
				GCC_WARN_64_TO_32_BIT_CONVERSION = YES;
				GCC_WARN_ABOUT_RETURN_TYPE = YES_ERROR;
				GCC_WARN_UNDECLARED_SELECTOR = YES;
				GCC_WARN_UNINITIALIZED_AUTOS = YES_AGGRESSIVE;
				GCC_WARN_UNUSED_FUNCTION = YES;
				GCC_WARN_UNUSED_VARIABLE = YES;
				IPHONEOS_DEPLOYMENT_TARGET = 17.0;
				LOCALIZATION_PREFERS_STRING_CATALOGS = YES;
				MTL_ENABLE_DEBUG_INFO = INCLUDE_SOURCE;
				MTL_FAST_MATH = YES;
				ONLY_ACTIVE_ARCH = YES;
				OTHER_LDFLAGS = "";
				SDKROOT = iphoneos;
				SWIFT_ACTIVE_COMPILATION_CONDITIONS = "DEBUG $(inherited)";
				SWIFT_OPTIMIZATION_LEVEL = "-Onone";
			};
			name = Debug;
		};
		FBFDFE302AC3913300CD57C4 /* Release */ = {
			isa = XCBuildConfiguration;
			buildSettings = {
				ALWAYS_SEARCH_USER_PATHS = NO;
				ASSETCATALOG_COMPILER_GENERATE_SWIFT_ASSET_SYMBOL_EXTENSIONS = YES;
				CLANG_ANALYZER_NONNULL = YES;
				CLANG_ANALYZER_NUMBER_OBJECT_CONVERSION = YES_AGGRESSIVE;
				CLANG_CXX_LANGUAGE_STANDARD = "gnu++20";
				CLANG_ENABLE_MODULES = YES;
				CLANG_ENABLE_OBJC_ARC = YES;
				CLANG_ENABLE_OBJC_WEAK = YES;
				CLANG_WARN_BLOCK_CAPTURE_AUTORELEASING = YES;
				CLANG_WARN_BOOL_CONVERSION = YES;
				CLANG_WARN_COMMA = YES;
				CLANG_WARN_CONSTANT_CONVERSION = YES;
				CLANG_WARN_DEPRECATED_OBJC_IMPLEMENTATIONS = YES;
				CLANG_WARN_DIRECT_OBJC_ISA_USAGE = YES_ERROR;
				CLANG_WARN_DOCUMENTATION_COMMENTS = YES;
				CLANG_WARN_EMPTY_BODY = YES;
				CLANG_WARN_ENUM_CONVERSION = YES;
				CLANG_WARN_INFINITE_RECURSION = YES;
				CLANG_WARN_INT_CONVERSION = YES;
				CLANG_WARN_NON_LITERAL_NULL_CONVERSION = YES;
				CLANG_WARN_OBJC_IMPLICIT_RETAIN_SELF = YES;
				CLANG_WARN_OBJC_LITERAL_CONVERSION = YES;
				CLANG_WARN_OBJC_ROOT_CLASS = YES_ERROR;
				CLANG_WARN_QUOTED_INCLUDE_IN_FRAMEWORK_HEADER = YES;
				CLANG_WARN_RANGE_LOOP_ANALYSIS = YES;
				CLANG_WARN_STRICT_PROTOTYPES = YES;
				CLANG_WARN_SUSPICIOUS_MOVE = YES;
				CLANG_WARN_UNGUARDED_AVAILABILITY = YES_AGGRESSIVE;
				CLANG_WARN_UNREACHABLE_CODE = YES;
				CLANG_WARN__DUPLICATE_METHOD_MATCH = YES;
				COPY_PHASE_STRIP = NO;
				DEBUG_INFORMATION_FORMAT = "dwarf-with-dsym";
				ENABLE_NS_ASSERTIONS = NO;
				ENABLE_STRICT_OBJC_MSGSEND = YES;
				ENABLE_USER_SCRIPT_SANDBOXING = YES;
				GCC_C_LANGUAGE_STANDARD = gnu17;
				GCC_NO_COMMON_BLOCKS = YES;
				GCC_WARN_64_TO_32_BIT_CONVERSION = YES;
				GCC_WARN_ABOUT_RETURN_TYPE = YES_ERROR;
				GCC_WARN_UNDECLARED_SELECTOR = YES;
				GCC_WARN_UNINITIALIZED_AUTOS = YES_AGGRESSIVE;
				GCC_WARN_UNUSED_FUNCTION = YES;
				GCC_WARN_UNUSED_VARIABLE = YES;
				IPHONEOS_DEPLOYMENT_TARGET = 17.0;
				LOCALIZATION_PREFERS_STRING_CATALOGS = YES;
				MTL_ENABLE_DEBUG_INFO = NO;
				MTL_FAST_MATH = YES;
				SDKROOT = iphoneos;
				SWIFT_COMPILATION_MODE = wholemodule;
				VALIDATE_PRODUCT = YES;
			};
			name = Release;
		};
		FBFDFE322AC3913300CD57C4 /* Debug */ = {
			isa = XCBuildConfiguration;
			buildSettings = {
				ASSETCATALOG_COMPILER_APPICON_NAME = AppIcon;
				ASSETCATALOG_COMPILER_GLOBAL_ACCENT_COLOR_NAME = AccentColor;
				CODE_SIGN_STYLE = Automatic;
				CURRENT_PROJECT_VERSION = 1;
				DEVELOPMENT_ASSET_PATHS = "\"Tutor Nova/Preview Content\"";
				DEVELOPMENT_TEAM = DR8M2Z7LQW;
				ENABLE_PREVIEWS = YES;
				ENABLE_TESTABILITY = YES;
				GENERATE_INFOPLIST_FILE = YES;
				INFOPLIST_KEY_UIApplicationSceneManifest_Generation = YES;
				INFOPLIST_KEY_UIApplicationSupportsIndirectInputEvents = YES;
				INFOPLIST_KEY_UILaunchScreen_Generation = YES;
				INFOPLIST_KEY_UISupportedInterfaceOrientations_iPad = "UIInterfaceOrientationPortrait UIInterfaceOrientationPortraitUpsideDown UIInterfaceOrientationLandscapeLeft UIInterfaceOrientationLandscapeRight";
				INFOPLIST_KEY_UISupportedInterfaceOrientations_iPhone = "UIInterfaceOrientationPortrait UIInterfaceOrientationLandscapeLeft UIInterfaceOrientationLandscapeRight";
				LD_RUNPATH_SEARCH_PATHS = (
					"$(inherited)",
					"@executable_path/Frameworks",
				);
				MARKETING_VERSION = 1.0;
				OTHER_LDFLAGS = "";
				PRODUCT_BUNDLE_IDENTIFIER = com.n3Productions.tutorNovaMVP;
				PRODUCT_NAME = "$(TARGET_NAME)";
				SWIFT_EMIT_LOC_STRINGS = YES;
				SWIFT_VERSION = 5.0;
				TARGETED_DEVICE_FAMILY = "1,2";
			};
			name = Debug;
		};
		FBFDFE332AC3913300CD57C4 /* Release */ = {
			isa = XCBuildConfiguration;
			buildSettings = {
				ASSETCATALOG_COMPILER_APPICON_NAME = AppIcon;
				ASSETCATALOG_COMPILER_GLOBAL_ACCENT_COLOR_NAME = AccentColor;
				CODE_SIGN_STYLE = Automatic;
				CURRENT_PROJECT_VERSION = 1;
				DEVELOPMENT_ASSET_PATHS = "\"Tutor Nova/Preview Content\"";
				DEVELOPMENT_TEAM = DR8M2Z7LQW;
				ENABLE_PREVIEWS = YES;
				ENABLE_TESTABILITY = YES;
				GENERATE_INFOPLIST_FILE = YES;
				INFOPLIST_KEY_UIApplicationSceneManifest_Generation = YES;
				INFOPLIST_KEY_UIApplicationSupportsIndirectInputEvents = YES;
				INFOPLIST_KEY_UILaunchScreen_Generation = YES;
				INFOPLIST_KEY_UISupportedInterfaceOrientations_iPad = "UIInterfaceOrientationPortrait UIInterfaceOrientationPortraitUpsideDown UIInterfaceOrientationLandscapeLeft UIInterfaceOrientationLandscapeRight";
				INFOPLIST_KEY_UISupportedInterfaceOrientations_iPhone = "UIInterfaceOrientationPortrait UIInterfaceOrientationLandscapeLeft UIInterfaceOrientationLandscapeRight";
				LD_RUNPATH_SEARCH_PATHS = (
					"$(inherited)",
					"@executable_path/Frameworks",
				);
				MARKETING_VERSION = 1.0;
				OTHER_LDFLAGS = "";
				"OTHER_LDFLAGS[arch=*]" = "";
				PRODUCT_BUNDLE_IDENTIFIER = com.n3Productions.tutorNovaMVP;
				PRODUCT_NAME = "$(TARGET_NAME)";
				SWIFT_EMIT_LOC_STRINGS = YES;
				SWIFT_VERSION = 5.0;
				TARGETED_DEVICE_FAMILY = "1,2";
			};
			name = Release;
		};
/* End XCBuildConfiguration section */

/* Begin XCConfigurationList section */
		FBFDFE1E2AC3913100CD57C4 /* Build configuration list for PBXProject "Tutor Nova" */ = {
			isa = XCConfigurationList;
			buildConfigurations = (
				FBFDFE2F2AC3913300CD57C4 /* Debug */,
				FBFDFE302AC3913300CD57C4 /* Release */,
			);
			defaultConfigurationIsVisible = 0;
			defaultConfigurationName = Release;
		};
		FBFDFE312AC3913300CD57C4 /* Build configuration list for PBXNativeTarget "Tutor Nova" */ = {
			isa = XCConfigurationList;
			buildConfigurations = (
				FBFDFE322AC3913300CD57C4 /* Debug */,
				FBFDFE332AC3913300CD57C4 /* Release */,
			);
			defaultConfigurationIsVisible = 0;
			defaultConfigurationName = Release;
		};
/* End XCConfigurationList section */

/* Begin XCRemoteSwiftPackageReference section */
		53986F5E2AE9E33700A73EC8 /* XCRemoteSwiftPackageReference "firebase-ios-sdk" */ = {
			isa = XCRemoteSwiftPackageReference;
			repositoryURL = "https://github.com/firebase/firebase-ios-sdk";
			requirement = {
				kind = upToNextMajorVersion;
				minimumVersion = 10.16.0;
			};
		};
/* End XCRemoteSwiftPackageReference section */

/* Begin XCSwiftPackageProductDependency section */
		53986F5F2AE9E33700A73EC8 /* FirebaseAnalytics */ = {
			isa = XCSwiftPackageProductDependency;
			package = 53986F5E2AE9E33700A73EC8 /* XCRemoteSwiftPackageReference "firebase-ios-sdk" */;
			productName = FirebaseAnalytics;
		};
		53986F612AE9E33700A73EC8 /* FirebaseAnalyticsOnDeviceConversion */ = {
			isa = XCSwiftPackageProductDependency;
			package = 53986F5E2AE9E33700A73EC8 /* XCRemoteSwiftPackageReference "firebase-ios-sdk" */;
			productName = FirebaseAnalyticsOnDeviceConversion;
		};
		53986F632AE9E33700A73EC8 /* FirebaseAnalyticsSwift */ = {
			isa = XCSwiftPackageProductDependency;
			package = 53986F5E2AE9E33700A73EC8 /* XCRemoteSwiftPackageReference "firebase-ios-sdk" */;
			productName = FirebaseAnalyticsSwift;
		};
		53986F652AE9E33700A73EC8 /* FirebaseAnalyticsWithoutAdIdSupport */ = {
			isa = XCSwiftPackageProductDependency;
			package = 53986F5E2AE9E33700A73EC8 /* XCRemoteSwiftPackageReference "firebase-ios-sdk" */;
			productName = FirebaseAnalyticsWithoutAdIdSupport;
		};
		53986F672AE9E33700A73EC8 /* FirebaseAppCheck */ = {
			isa = XCSwiftPackageProductDependency;
			package = 53986F5E2AE9E33700A73EC8 /* XCRemoteSwiftPackageReference "firebase-ios-sdk" */;
			productName = FirebaseAppCheck;
		};
		53986F692AE9E33700A73EC8 /* FirebaseAppDistribution-Beta */ = {
			isa = XCSwiftPackageProductDependency;
			package = 53986F5E2AE9E33700A73EC8 /* XCRemoteSwiftPackageReference "firebase-ios-sdk" */;
			productName = "FirebaseAppDistribution-Beta";
		};
		53986F6B2AE9E33700A73EC8 /* FirebaseAuth */ = {
			isa = XCSwiftPackageProductDependency;
			package = 53986F5E2AE9E33700A73EC8 /* XCRemoteSwiftPackageReference "firebase-ios-sdk" */;
			productName = FirebaseAuth;
		};
		53986F6D2AE9E33700A73EC8 /* FirebaseAuthCombine-Community */ = {
			isa = XCSwiftPackageProductDependency;
			package = 53986F5E2AE9E33700A73EC8 /* XCRemoteSwiftPackageReference "firebase-ios-sdk" */;
			productName = "FirebaseAuthCombine-Community";
		};
		53986F6F2AE9E33700A73EC8 /* FirebaseCrashlytics */ = {
			isa = XCSwiftPackageProductDependency;
			package = 53986F5E2AE9E33700A73EC8 /* XCRemoteSwiftPackageReference "firebase-ios-sdk" */;
			productName = FirebaseCrashlytics;
		};
		53986F712AE9E33700A73EC8 /* FirebaseDatabase */ = {
			isa = XCSwiftPackageProductDependency;
			package = 53986F5E2AE9E33700A73EC8 /* XCRemoteSwiftPackageReference "firebase-ios-sdk" */;
			productName = FirebaseDatabase;
		};
		53986F732AE9E33700A73EC8 /* FirebaseDatabaseSwift */ = {
			isa = XCSwiftPackageProductDependency;
			package = 53986F5E2AE9E33700A73EC8 /* XCRemoteSwiftPackageReference "firebase-ios-sdk" */;
			productName = FirebaseDatabaseSwift;
		};
		53986F752AE9E33700A73EC8 /* FirebaseDynamicLinks */ = {
			isa = XCSwiftPackageProductDependency;
			package = 53986F5E2AE9E33700A73EC8 /* XCRemoteSwiftPackageReference "firebase-ios-sdk" */;
			productName = FirebaseDynamicLinks;
		};
		53986F772AE9E33700A73EC8 /* FirebaseFirestore */ = {
			isa = XCSwiftPackageProductDependency;
			package = 53986F5E2AE9E33700A73EC8 /* XCRemoteSwiftPackageReference "firebase-ios-sdk" */;
			productName = FirebaseFirestore;
		};
		53986F792AE9E33700A73EC8 /* FirebaseFirestoreCombine-Community */ = {
			isa = XCSwiftPackageProductDependency;
			package = 53986F5E2AE9E33700A73EC8 /* XCRemoteSwiftPackageReference "firebase-ios-sdk" */;
			productName = "FirebaseFirestoreCombine-Community";
		};
		53986F7B2AE9E33700A73EC8 /* FirebaseFirestoreSwift */ = {
			isa = XCSwiftPackageProductDependency;
			package = 53986F5E2AE9E33700A73EC8 /* XCRemoteSwiftPackageReference "firebase-ios-sdk" */;
			productName = FirebaseFirestoreSwift;
		};
		53986F7D2AE9E33700A73EC8 /* FirebaseFunctions */ = {
			isa = XCSwiftPackageProductDependency;
			package = 53986F5E2AE9E33700A73EC8 /* XCRemoteSwiftPackageReference "firebase-ios-sdk" */;
			productName = FirebaseFunctions;
		};
		53986F7F2AE9E33700A73EC8 /* FirebaseFunctionsCombine-Community */ = {
			isa = XCSwiftPackageProductDependency;
			package = 53986F5E2AE9E33700A73EC8 /* XCRemoteSwiftPackageReference "firebase-ios-sdk" */;
			productName = "FirebaseFunctionsCombine-Community";
		};
		53986F812AE9E33700A73EC8 /* FirebaseInAppMessaging-Beta */ = {
			isa = XCSwiftPackageProductDependency;
			package = 53986F5E2AE9E33700A73EC8 /* XCRemoteSwiftPackageReference "firebase-ios-sdk" */;
			productName = "FirebaseInAppMessaging-Beta";
		};
		53986F832AE9E33700A73EC8 /* FirebaseInAppMessagingSwift-Beta */ = {
			isa = XCSwiftPackageProductDependency;
			package = 53986F5E2AE9E33700A73EC8 /* XCRemoteSwiftPackageReference "firebase-ios-sdk" */;
			productName = "FirebaseInAppMessagingSwift-Beta";
		};
		53986F852AE9E33700A73EC8 /* FirebaseInstallations */ = {
			isa = XCSwiftPackageProductDependency;
			package = 53986F5E2AE9E33700A73EC8 /* XCRemoteSwiftPackageReference "firebase-ios-sdk" */;
			productName = FirebaseInstallations;
		};
		53986F872AE9E33700A73EC8 /* FirebaseMLModelDownloader */ = {
			isa = XCSwiftPackageProductDependency;
			package = 53986F5E2AE9E33700A73EC8 /* XCRemoteSwiftPackageReference "firebase-ios-sdk" */;
			productName = FirebaseMLModelDownloader;
		};
		53986F892AE9E33700A73EC8 /* FirebaseMessaging */ = {
			isa = XCSwiftPackageProductDependency;
			package = 53986F5E2AE9E33700A73EC8 /* XCRemoteSwiftPackageReference "firebase-ios-sdk" */;
			productName = FirebaseMessaging;
		};
		53986F8B2AE9E33700A73EC8 /* FirebasePerformance */ = {
			isa = XCSwiftPackageProductDependency;
			package = 53986F5E2AE9E33700A73EC8 /* XCRemoteSwiftPackageReference "firebase-ios-sdk" */;
			productName = FirebasePerformance;
		};
		53986F8D2AE9E33700A73EC8 /* FirebaseRemoteConfig */ = {
			isa = XCSwiftPackageProductDependency;
			package = 53986F5E2AE9E33700A73EC8 /* XCRemoteSwiftPackageReference "firebase-ios-sdk" */;
			productName = FirebaseRemoteConfig;
		};
		53986F8F2AE9E33700A73EC8 /* FirebaseRemoteConfigSwift */ = {
			isa = XCSwiftPackageProductDependency;
			package = 53986F5E2AE9E33700A73EC8 /* XCRemoteSwiftPackageReference "firebase-ios-sdk" */;
			productName = FirebaseRemoteConfigSwift;
		};
		53986F912AE9E33700A73EC8 /* FirebaseStorage */ = {
			isa = XCSwiftPackageProductDependency;
			package = 53986F5E2AE9E33700A73EC8 /* XCRemoteSwiftPackageReference "firebase-ios-sdk" */;
			productName = FirebaseStorage;
		};
		53986F932AE9E33700A73EC8 /* FirebaseStorageCombine-Community */ = {
			isa = XCSwiftPackageProductDependency;
			package = 53986F5E2AE9E33700A73EC8 /* XCRemoteSwiftPackageReference "firebase-ios-sdk" */;
			productName = "FirebaseStorageCombine-Community";
		};
/* End XCSwiftPackageProductDependency section */
	};
	rootObject = FBFDFE1B2AC3913100CD57C4 /* Project object */;
}
